// !$*UTF8*$!
{
	archiveVersion = 1;
	classes = {
	};
	objectVersion = 50;
	objects = {

/* Begin PBXBuildFile section */
		E495627825F20F2A0068F15A /* AppDelegate.swift in Sources */ = {isa = PBXBuildFile; fileRef = E495627725F20F2A0068F15A /* AppDelegate.swift */; };
		E495627A25F20F2A0068F15A /* SceneDelegate.swift in Sources */ = {isa = PBXBuildFile; fileRef = E495627925F20F2A0068F15A /* SceneDelegate.swift */; };
		E495627C25F20F2A0068F15A /* ViewController.swift in Sources */ = {isa = PBXBuildFile; fileRef = E495627B25F20F2A0068F15A /* ViewController.swift */; };
		E495627F25F20F2A0068F15A /* Main.storyboard in Resources */ = {isa = PBXBuildFile; fileRef = E495627D25F20F2A0068F15A /* Main.storyboard */; };
		E495628225F20F2A0068F15A /* VarkaAPP.xcdatamodeld in Sources */ = {isa = PBXBuildFile; fileRef = E495628025F20F2A0068F15A /* VarkaAPP.xcdatamodeld */; };
		E495628425F20F2D0068F15A /* Assets.xcassets in Resources */ = {isa = PBXBuildFile; fileRef = E495628325F20F2D0068F15A /* Assets.xcassets */; };
		E495628725F20F2D0068F15A /* LaunchScreen.storyboard in Resources */ = {isa = PBXBuildFile; fileRef = E495628525F20F2D0068F15A /* LaunchScreen.storyboard */; };
/* End PBXBuildFile section */

/* Begin PBXFileReference section */
		E495627425F20F2A0068F15A /* VarkaAPP.app */ = {isa = PBXFileReference; explicitFileType = wrapper.application; includeInIndex = 0; path = VarkaAPP.app; sourceTree = BUILT_PRODUCTS_DIR; };
		E495627725F20F2A0068F15A /* AppDelegate.swift */ = {isa = PBXFileReference; lastKnownFileType = sourcecode.swift; path = AppDelegate.swift; sourceTree = "<group>"; };
		E495627925F20F2A0068F15A /* SceneDelegate.swift */ = {isa = PBXFileReference; lastKnownFileType = sourcecode.swift; path = SceneDelegate.swift; sourceTree = "<group>"; };
		E495627B25F20F2A0068F15A /* ViewController.swift */ = {isa = PBXFileReference; lastKnownFileType = sourcecode.swift; path = ViewController.swift; sourceTree = "<group>"; };
		E495627E25F20F2A0068F15A /* Base */ = {isa = PBXFileReference; lastKnownFileType = file.storyboard; name = Base; path = Base.lproj/Main.storyboard; sourceTree = "<group>"; };
		E495628125F20F2A0068F15A /* VarkaAPP.xcdatamodel */ = {isa = PBXFileReference; lastKnownFileType = wrapper.xcdatamodel; path = VarkaAPP.xcdatamodel; sourceTree = "<group>"; };
		E495628325F20F2D0068F15A /* Assets.xcassets */ = {isa = PBXFileReference; lastKnownFileType = folder.assetcatalog; path = Assets.xcassets; sourceTree = "<group>"; };
		E495628625F20F2D0068F15A /* Base */ = {isa = PBXFileReference; lastKnownFileType = file.storyboard; name = Base; path = Base.lproj/LaunchScreen.storyboard; sourceTree = "<group>"; };
		E495628825F20F2D0068F15A /* Info.plist */ = {isa = PBXFileReference; lastKnownFileType = text.plist.xml; path = Info.plist; sourceTree = "<group>"; };
/* End PBXFileReference section */

/* Begin PBXFrameworksBuildPhase section */
		E495627125F20F2A0068F15A /* Frameworks */ = {
			isa = PBXFrameworksBuildPhase;
			buildActionMask = 2147483647;
			files = (
			);
			runOnlyForDeploymentPostprocessing = 0;
		};
/* End PBXFrameworksBuildPhase section */

/* Begin PBXGroup section */
		E495626B25F20F2A0068F15A = {
			isa = PBXGroup;
			children = (
				E495627625F20F2A0068F15A /* VarkaAPP */,
				E495627525F20F2A0068F15A /* Products */,
			);
			sourceTree = "<group>";
		};
		E495627525F20F2A0068F15A /* Products */ = {
			isa = PBXGroup;
			children = (
				E495627425F20F2A0068F15A /* VarkaAPP.app */,
			);
			name = Products;
			sourceTree = "<group>";
		};
		E495627625F20F2A0068F15A /* VarkaAPP */ = {
			isa = PBXGroup;
			children = (
				E495627725F20F2A0068F15A /* AppDelegate.swift */,
				E495627925F20F2A0068F15A /* SceneDelegate.swift */,
				E495627B25F20F2A0068F15A /* ViewController.swift */,
				E495627D25F20F2A0068F15A /* Main.storyboard */,
				E495628325F20F2D0068F15A /* Assets.xcassets */,
				E495628525F20F2D0068F15A /* LaunchScreen.storyboard */,
				E495628825F20F2D0068F15A /* Info.plist */,
				E495628025F20F2A0068F15A /* VarkaAPP.xcdatamodeld */,
			);
			path = VarkaAPP;
			sourceTree = "<group>";
		};
/* End PBXGroup section */

/* Begin PBXNativeTarget section */
		E495627325F20F2A0068F15A /* VarkaAPP */ = {
			isa = PBXNativeTarget;
			buildConfigurationList = E495628B25F20F2D0068F15A /* Build configuration list for PBXNativeTarget "VarkaAPP" */;
			buildPhases = (
				E495627025F20F2A0068F15A /* Sources */,
				E495627125F20F2A0068F15A /* Frameworks */,
				E495627225F20F2A0068F15A /* Resources */,
			);
			buildRules = (
			);
			dependencies = (
			);
			name = VarkaAPP;
			productName = VarkaAPP;
			productReference = E495627425F20F2A0068F15A /* VarkaAPP.app */;
			productType = "com.apple.product-type.application";
		};
/* End PBXNativeTarget section */

/* Begin PBXProject section */
		E495626C25F20F2A0068F15A /* Project object */ = {
			isa = PBXProject;
			attributes = {
				LastSwiftUpdateCheck = 1230;
				LastUpgradeCheck = 1230;
				TargetAttributes = {
					E495627325F20F2A0068F15A = {
						CreatedOnToolsVersion = 12.3;
					};
				};
			};
			buildConfigurationList = E495626F25F20F2A0068F15A /* Build configuration list for PBXProject "VarkaAPP" */;
			compatibilityVersion = "Xcode 9.3";
			developmentRegion = en;
			hasScannedForEncodings = 0;
			knownRegions = (
				en,
				Base,
			);
			mainGroup = E495626B25F20F2A0068F15A;
			productRefGroup = E495627525F20F2A0068F15A /* Products */;
			projectDirPath = "";
			projectRoot = "";
			targets = (
				E495627325F20F2A0068F15A /* VarkaAPP */,
			);
		};
/* End PBXProject section */

/* Begin PBXResourcesBuildPhase section */
		E495627225F20F2A0068F15A /* Resources */ = {
			isa = PBXResourcesBuildPhase;
			buildActionMask = 2147483647;
			files = (
				E495628725F20F2D0068F15A /* LaunchScreen.storyboard in Resources */,
				E495628425F20F2D0068F15A /* Assets.xcassets in Resources */,
				E495627F25F20F2A0068F15A /* Main.storyboard in Resources */,
			);
			runOnlyForDeploymentPostprocessing = 0;
		};
/* End PBXResourcesBuildPhase section */

/* Begin PBXSourcesBuildPhase section */
		E495627025F20F2A0068F15A /* Sources */ = {
			isa = PBXSourcesBuildPhase;
			buildActionMask = 2147483647;
			files = (
				E495627C25F20F2A0068F15A /* ViewController.swift in Sources */,
				E495627825F20F2A0068F15A /* AppDelegate.swift in Sources */,
				E495627A25F20F2A0068F15A /* SceneDelegate.swift in Sources */,
				E495628225F20F2A0068F15A /* VarkaAPP.xcdatamodeld in Sources */,
			);
			runOnlyForDeploymentPostprocessing = 0;
		};
/* End PBXSourcesBuildPhase section */

/* Begin PBXVariantGroup section */
		E495627D25F20F2A0068F15A /* Main.storyboard */ = {
			isa = PBXVariantGroup;
			children = (
				E495627E25F20F2A0068F15A /* Base */,
			);
			name = Main.storyboard;
			sourceTree = "<group>";
		};
		E495628525F20F2D0068F15A /* LaunchScreen.storyboard */ = {
			isa = PBXVariantGroup;
			children = (
				E495628625F20F2D0068F15A /* Base */,
			);
			name = LaunchScreen.storyboard;
			sourceTree = "<group>";
		};
/* End PBXVariantGroup section */

/* Begin XCBuildConfiguration section */
		E495628925F20F2D0068F15A /* Debug */ = {
			isa = XCBuildConfiguration;
			buildSettings = {
				ALWAYS_SEARCH_USER_PATHS = NO;
				CLANG_ANALYZER_NONNULL = YES;
				CLANG_ANALYZER_NUMBER_OBJECT_CONVERSION = YES_AGGRESSIVE;
				CLANG_CXX_LANGUAGE_STANDARD = "gnu++14";
				CLANG_CXX_LIBRARY = "libc++";
				CLANG_ENABLE_MODULES = YES;
				CLANG_ENABLE_OBJC_ARC = YES;
				CLANG_ENABLE_OBJC_WEAK = YES;
				CLANG_WARN_BLOCK_CAPTURE_AUTORELEASING = YES;
				CLANG_WARN_BOOL_CONVERSION = YES;
				CLANG_WARN_COMMA = YES;
				CLANG_WARN_CONSTANT_CONVERSION = YES;
				CLANG_WARN_DEPRECATED_OBJC_IMPLEMENTATIONS = YES;
				CLANG_WARN_DIRECT_OBJC_ISA_USAGE = YES_ERROR;
				CLANG_WARN_DOCUMENTATION_COMMENTS = YES;
				CLANG_WARN_EMPTY_BODY = YES;
				CLANG_WARN_ENUM_CONVERSION = YES;
				CLANG_WARN_INFINITE_RECURSION = YES;
				CLANG_WARN_INT_CONVERSION = YES;
				CLANG_WARN_NON_LITERAL_NULL_CONVERSION = YES;
				CLANG_WARN_OBJC_IMPLICIT_RETAIN_SELF = YES;
				CLANG_WARN_OBJC_LITERAL_CONVERSION = YES;
				CLANG_WARN_OBJC_ROOT_CLASS = YES_ERROR;
				CLANG_WARN_QUOTED_INCLUDE_IN_FRAMEWORK_HEADER = YES;
				CLANG_WARN_RANGE_LOOP_ANALYSIS = YES;
				CLANG_WARN_STRICT_PROTOTYPES = YES;
				CLANG_WARN_SUSPICIOUS_MOVE = YES;
				CLANG_WARN_UNGUARDED_AVAILABILITY = YES_AGGRESSIVE;
				CLANG_WARN_UNREACHABLE_CODE = YES;
				CLANG_WARN__DUPLICATE_METHOD_MATCH = YES;
				COPY_PHASE_STRIP = NO;
				DEBUG_INFORMATION_FORMAT = dwarf;
				ENABLE_STRICT_OBJC_MSGSEND = YES;
				ENABLE_TESTABILITY = YES;
				GCC_C_LANGUAGE_STANDARD = gnu11;
				GCC_DYNAMIC_NO_PIC = NO;
				GCC_NO_COMMON_BLOCKS = YES;
				GCC_OPTIMIZATION_LEVEL = 0;
				GCC_PREPROCESSOR_DEFINITIONS = (
					"DEBUG=1",
					"$(inherited)",
				);
				GCC_WARN_64_TO_32_BIT_CONVERSION = YES;
				GCC_WARN_ABOUT_RETURN_TYPE = YES_ERROR;
				GCC_WARN_UNDECLARED_SELECTOR = YES;
				GCC_WARN_UNINITIALIZED_AUTOS = YES_AGGRESSIVE;
				GCC_WARN_UNUSED_FUNCTION = YES;
				GCC_WARN_UNUSED_VARIABLE = YES;
				IPHONEOS_DEPLOYMENT_TARGET = 14.3;
				MTL_ENABLE_DEBUG_INFO = INCLUDE_SOURCE;
				MTL_FAST_MATH = YES;
				ONLY_ACTIVE_ARCH = YES;
				SDKROOT = iphoneos;
				SWIFT_ACTIVE_COMPILATION_CONDITIONS = DEBUG;
				SWIFT_OPTIMIZATION_LEVEL = "-Onone";
			};
			name = Debug;
		};
		E495628A25F20F2D0068F15A /* Release */ = {
			isa = XCBuildConfiguration;
			buildSettings = {
				ALWAYS_SEARCH_USER_PATHS = NO;
				CLANG_ANALYZER_NONNULL = YES;
				CLANG_ANALYZER_NUMBER_OBJECT_CONVERSION = YES_AGGRESSIVE;
				CLANG_CXX_LANGUAGE_STANDARD = "gnu++14";
				CLANG_CXX_LIBRARY = "libc++";
				CLANG_ENABLE_MODULES = YES;
				CLANG_ENABLE_OBJC_ARC = YES;
				CLANG_ENABLE_OBJC_WEAK = YES;
				CLANG_WARN_BLOCK_CAPTURE_AUTORELEASING = YES;
				CLANG_WARN_BOOL_CONVERSION = YES;
				CLANG_WARN_COMMA = YES;
				CLANG_WARN_CONSTANT_CONVERSION = YES;
				CLANG_WARN_DEPRECATED_OBJC_IMPLEMENTATIONS = YES;
				CLANG_WARN_DIRECT_OBJC_ISA_USAGE = YES_ERROR;
				CLANG_WARN_DOCUMENTATION_COMMENTS = YES;
				CLANG_WARN_EMPTY_BODY = YES;
				CLANG_WARN_ENUM_CONVERSION = YES;
				CLANG_WARN_INFINITE_RECURSION = YES;
				CLANG_WARN_INT_CONVERSION = YES;
				CLANG_WARN_NON_LITERAL_NULL_CONVERSION = YES;
				CLANG_WARN_OBJC_IMPLICIT_RETAIN_SELF = YES;
				CLANG_WARN_OBJC_LITERAL_CONVERSION = YES;
				CLANG_WARN_OBJC_ROOT_CLASS = YES_ERROR;
				CLANG_WARN_QUOTED_INCLUDE_IN_FRAMEWORK_HEADER = YES;
				CLANG_WARN_RANGE_LOOP_ANALYSIS = YES;
				CLANG_WARN_STRICT_PROTOTYPES = YES;
				CLANG_WARN_SUSPICIOUS_MOVE = YES;
				CLANG_WARN_UNGUARDED_AVAILABILITY = YES_AGGRESSIVE;
				CLANG_WARN_UNREACHABLE_CODE = YES;
				CLANG_WARN__DUPLICATE_METHOD_MATCH = YES;
				COPY_PHASE_STRIP = NO;
				DEBUG_INFORMATION_FORMAT = "dwarf-with-dsym";
				ENABLE_NS_ASSERTIONS = NO;
				ENABLE_STRICT_OBJC_MSGSEND = YES;
				GCC_C_LANGUAGE_STANDARD = gnu11;
				GCC_NO_COMMON_BLOCKS = YES;
				GCC_WARN_64_TO_32_BIT_CONVERSION = YES;
				GCC_WARN_ABOUT_RETURN_TYPE = YES_ERROR;
				GCC_WARN_UNDECLARED_SELECTOR = YES;
				GCC_WARN_UNINITIALIZED_AUTOS = YES_AGGRESSIVE;
				GCC_WARN_UNUSED_FUNCTION = YES;
				GCC_WARN_UNUSED_VARIABLE = YES;
				IPHONEOS_DEPLOYMENT_TARGET = 14.3;
				MTL_ENABLE_DEBUG_INFO = NO;
				MTL_FAST_MATH = YES;
				SDKROOT = iphoneos;
				SWIFT_COMPILATION_MODE = wholemodule;
				SWIFT_OPTIMIZATION_LEVEL = "-O";
				VALIDATE_PRODUCT = YES;
			};
			name = Release;
		};
		E495628C25F20F2D0068F15A /* Debug */ = {
			isa = XCBuildConfiguration;
			buildSettings = {
				ASSETCATALOG_COMPILER_APPICON_NAME = AppIcon;
				ASSETCATALOG_COMPILER_GLOBAL_ACCENT_COLOR_NAME = AccentColor;
				CODE_SIGN_STYLE = Automatic;
				DEVELOPMENT_TEAM = 58287L88KM;
				INFOPLIST_FILE = VarkaAPP/Info.plist;
				LD_RUNPATH_SEARCH_PATHS = (
					"$(inherited)",
					"@executable_path/Frameworks",
				);
				PRODUCT_BUNDLE_IDENTIFIER = "Kik-OS.VarkaAPP";
				PRODUCT_NAME = "$(TARGET_NAME)";
				SWIFT_VERSION = 5.0;
				TARGETED_DEVICE_FAMILY = "1,2";
			};
			name = Debug;
		};
		E495628D25F20F2D0068F15A /* Release */ = {
			isa = XCBuildConfiguration;
			buildSettings = {
				ASSETCATALOG_COMPILER_APPICON_NAME = AppIcon;
				ASSETCATALOG_COMPILER_GLOBAL_ACCENT_COLOR_NAME = AccentColor;
				CODE_SIGN_STYLE = Automatic;
				DEVELOPMENT_TEAM = 58287L88KM;
				INFOPLIST_FILE = VarkaAPP/Info.plist;
				LD_RUNPATH_SEARCH_PATHS = (
					"$(inherited)",
					"@executable_path/Frameworks",
				);
				PRODUCT_BUNDLE_IDENTIFIER = "Kik-OS.VarkaAPP";
				PRODUCT_NAME = "$(TARGET_NAME)";
				SWIFT_VERSION = 5.0;
				TARGETED_DEVICE_FAMILY = "1,2";
			};
			name = Release;
		};
/* End XCBuildConfiguration section */

/* Begin XCConfigurationList section */
		E495626F25F20F2A0068F15A /* Build configuration list for PBXProject "VarkaAPP" */ = {
			isa = XCConfigurationList;
			buildConfigurations = (
				E495628925F20F2D0068F15A /* Debug */,
				E495628A25F20F2D0068F15A /* Release */,
			);
			defaultConfigurationIsVisible = 0;
			defaultConfigurationName = Release;
		};
		E495628B25F20F2D0068F15A /* Build configuration list for PBXNativeTarget "VarkaAPP" */ = {
			isa = XCConfigurationList;
			buildConfigurations = (
				E495628C25F20F2D0068F15A /* Debug */,
				E495628D25F20F2D0068F15A /* Release */,
			);
			defaultConfigurationIsVisible = 0;
			defaultConfigurationName = Release;
		};
/* End XCConfigurationList section */

/* Begin XCVersionGroup section */
		E495628025F20F2A0068F15A /* VarkaAPP.xcdatamodeld */ = {
			isa = XCVersionGroup;
			children = (
				E495628125F20F2A0068F15A /* VarkaAPP.xcdatamodel */,
			);
			currentVersion = E495628125F20F2A0068F15A /* VarkaAPP.xcdatamodel */;
			path = VarkaAPP.xcdatamodeld;
			sourceTree = "<group>";
			versionGroupType = wrapper.xcdatamodel;
		};
/* End XCVersionGroup section */
	};
	rootObject = E495626C25F20F2A0068F15A /* Project object */;
}
