// !$*UTF8*$!
{
	archiveVersion = 1;
	classes = {
	};
	objectVersion = 51;
	objects = {

/* Begin PBXBuildFile section */
		B4A93CC62F9DE9305CB5ED4A /* Pods_VarkaAPP.framework in Frameworks */ = {isa = PBXBuildFile; fileRef = 2D072E3F54676A3D2332BFDC /* Pods_VarkaAPP.framework */; };
		CE02B9ED25F2ACA000788EE3 /* Product.swift in Sources */ = {isa = PBXBuildFile; fileRef = CE02B9EC25F2ACA000788EE3 /* Product.swift */; };
		CE02B9F025F2B2F900788EE3 /* GoogleService-Info.plist in Resources */ = {isa = PBXBuildFile; fileRef = CE02B9EF25F2B2F900788EE3 /* GoogleService-Info.plist */; };
		CE02BA0625F3A94500788EE3 /* FirebaseService.swift in Sources */ = {isa = PBXBuildFile; fileRef = CE02BA0525F3A94500788EE3 /* FirebaseService.swift */; };
		CE02BA0B25F3AB6800788EE3 /* ProductInfoViewController.swift in Sources */ = {isa = PBXBuildFile; fileRef = CE02BA0925F3AB6800788EE3 /* ProductInfoViewController.swift */; };
		CE02BA0C25F3AB6800788EE3 /* ProductInfoViewController.xib in Resources */ = {isa = PBXBuildFile; fileRef = CE02BA0A25F3AB6800788EE3 /* ProductInfoViewController.xib */; };
		CE02BA7C25F73E2100788EE3 /* ProductInfoViewModel.swift in Sources */ = {isa = PBXBuildFile; fileRef = CE02BA7B25F73E2100788EE3 /* ProductInfoViewModel.swift */; };
		CE02BA8325F7572300788EE3 /* Box.swift in Sources */ = {isa = PBXBuildFile; fileRef = CE02BA8225F7572300788EE3 /* Box.swift */; };
		CE0CFFC5260FA2B400B9A9AA /* TimeDiagram.swift in Sources */ = {isa = PBXBuildFile; fileRef = CE0CFFC4260FA2B400B9A9AA /* TimeDiagram.swift */; };
		CE0CFFC9260FC01500B9A9AA /* UIView+Extension.swift in Sources */ = {isa = PBXBuildFile; fileRef = CE0CFFC8260FC01500B9A9AA /* UIView+Extension.swift */; };
		CE0CFFD22611993D00B9A9AA /* TimerManager.swift in Sources */ = {isa = PBXBuildFile; fileRef = CE0CFFD12611993D00B9A9AA /* TimerManager.swift */; };
		CE20DE1925FCA7EF00274A95 /* TimerViewController.swift in Sources */ = {isa = PBXBuildFile; fileRef = CE20DE1725FCA7EF00274A95 /* TimerViewController.swift */; };
		CE20DE1A25FCA7EF00274A95 /* TimerViewController.xib in Resources */ = {isa = PBXBuildFile; fileRef = CE20DE1825FCA7EF00274A95 /* TimerViewController.xib */; };
		CE2FF95B2603879600FDA68D /* CustomBarcodeScannerViewController.swift in Sources */ = {isa = PBXBuildFile; fileRef = CE2FF95A2603879600FDA68D /* CustomBarcodeScannerViewController.swift */; };
		CE3A168025F7957E00FFA849 /* RecentProductsViewController.xib in Resources */ = {isa = PBXBuildFile; fileRef = CE3A167F25F7957E00FFA849 /* RecentProductsViewController.xib */; };
		CE3A168B25F9D7A000FFA849 /* Category.swift in Sources */ = {isa = PBXBuildFile; fileRef = CE3A168A25F9D7A000FFA849 /* Category.swift */; };
		CE3A168F25F9D9BB00FFA849 /* DateFormatter+Extension.swift in Sources */ = {isa = PBXBuildFile; fileRef = CE3A168E25F9D9BB00FFA849 /* DateFormatter+Extension.swift */; };
		CE3F63B926011C7200968946 /* TimerPickerView.swift in Sources */ = {isa = PBXBuildFile; fileRef = CE3F63B826011C7200968946 /* TimerPickerView.swift */; };
		CE3F63BC26011EAE00968946 /* TimerViewModel.swift in Sources */ = {isa = PBXBuildFile; fileRef = CE3F63BB26011EAE00968946 /* TimerViewModel.swift */; };
		CE50DD7D260276A700E33695 /* FirebaseServiceError.swift in Sources */ = {isa = PBXBuildFile; fileRef = CE50DD7C260276A700E33695 /* FirebaseServiceError.swift */; };
		E4109EA42604B22F00A1E01E /* timer.png in Resources */ = {isa = PBXBuildFile; fileRef = E4109EA32604B22F00A1E01E /* timer.png */; };
		E4109EA92605D7A300A1E01E /* not.wav in Resources */ = {isa = PBXBuildFile; fileRef = E4109EA82605D7A300A1E01E /* not.wav */; };
		E4109EAC2605DB9500A1E01E /* nom.wav in Resources */ = {isa = PBXBuildFile; fileRef = E4109EAB2605DB9500A1E01E /* nom.wav */; };
		E451D08425F4002F00890584 /* Constants.swift in Sources */ = {isa = PBXBuildFile; fileRef = E451D08325F4002F00890584 /* Constants.swift */; };
		E451D08A25F7370C00890584 /* AddingNewProductViewController.swift in Sources */ = {isa = PBXBuildFile; fileRef = E451D08925F7370C00890584 /* AddingNewProductViewController.swift */; };
		E451D08D25F7372100890584 /* AddingNewProductViewModel.swift in Sources */ = {isa = PBXBuildFile; fileRef = E451D08C25F7372100890584 /* AddingNewProductViewModel.swift */; };
		E466EE5F25FF771E004E18D1 /* CustomTabBarViewModel.swift in Sources */ = {isa = PBXBuildFile; fileRef = E466EE5E25FF771E004E18D1 /* CustomTabBarViewModel.swift */; };
		E466EE79260089AF004E18D1 /* ImageTitles.swift in Sources */ = {isa = PBXBuildFile; fileRef = E466EE78260089AF004E18D1 /* ImageTitles.swift */; };
		E466EE7C26008BC4004E18D1 /* Inscriptions.swift in Sources */ = {isa = PBXBuildFile; fileRef = E466EE7B26008BC4004E18D1 /* Inscriptions.swift */; };
		E491967525F8E30000395445 /* RecentProductCollectionViewCell.swift in Sources */ = {isa = PBXBuildFile; fileRef = E491967325F8E30000395445 /* RecentProductCollectionViewCell.swift */; };
		E491967925F8F5A200395445 /* RecentProductCollectionView.swift in Sources */ = {isa = PBXBuildFile; fileRef = E491967825F8F5A200395445 /* RecentProductCollectionView.swift */; };
		E491967F25FA8ABF00395445 /* RecentProductCollectionViewViewModel.swift in Sources */ = {isa = PBXBuildFile; fileRef = E491967E25FA8ABF00395445 /* RecentProductCollectionViewViewModel.swift */; };
		E491968725FA8E4B00395445 /* RecentProductCollectionViewCellViewModel.swift in Sources */ = {isa = PBXBuildFile; fileRef = E491968625FA8E4B00395445 /* RecentProductCollectionViewCellViewModel.swift */; };
		E491969925FB5C2900395445 /* CGPath+Extension.swift in Sources */ = {isa = PBXBuildFile; fileRef = E491969825FB5C2900395445 /* CGPath+Extension.swift */; };
		E49196C725FB9F5D00395445 /* StorageManager.swift in Sources */ = {isa = PBXBuildFile; fileRef = E49196C625FB9F5D00395445 /* StorageManager.swift */; };
		E495627825F20F2A0068F15A /* AppDelegate.swift in Sources */ = {isa = PBXBuildFile; fileRef = E495627725F20F2A0068F15A /* AppDelegate.swift */; };
		E495627A25F20F2A0068F15A /* SceneDelegate.swift in Sources */ = {isa = PBXBuildFile; fileRef = E495627925F20F2A0068F15A /* SceneDelegate.swift */; };
		E495627F25F20F2A0068F15A /* Main.storyboard in Resources */ = {isa = PBXBuildFile; fileRef = E495627D25F20F2A0068F15A /* Main.storyboard */; };
		E495628225F20F2A0068F15A /* VarkaAPP.xcdatamodeld in Sources */ = {isa = PBXBuildFile; fileRef = E495628025F20F2A0068F15A /* VarkaAPP.xcdatamodeld */; };
		E495628425F20F2D0068F15A /* Assets.xcassets in Resources */ = {isa = PBXBuildFile; fileRef = E495628325F20F2D0068F15A /* Assets.xcassets */; };
		E495628725F20F2D0068F15A /* LaunchScreen.storyboard in Resources */ = {isa = PBXBuildFile; fileRef = E495628525F20F2D0068F15A /* LaunchScreen.storyboard */; };
		E49562C725F245AF0068F15A /* RecentProductsViewController.swift in Sources */ = {isa = PBXBuildFile; fileRef = E49562C625F245AF0068F15A /* RecentProductsViewController.swift */; };
		E49562CE25F246DE0068F15A /* CustomTabBarController.swift in Sources */ = {isa = PBXBuildFile; fileRef = E49562CD25F246DE0068F15A /* CustomTabBarController.swift */; };
		E49562D125F247990068F15A /* CustomTabBar.swift in Sources */ = {isa = PBXBuildFile; fileRef = E49562D025F247990068F15A /* CustomTabBar.swift */; };
		E49562D925F2775E0068F15A /* RecentProductViewModel.swift in Sources */ = {isa = PBXBuildFile; fileRef = E49562D825F2775E0068F15A /* RecentProductViewModel.swift */; };
		E4AAA443260369B0006DF73A /* MiddleButtonTabBar.swift in Sources */ = {isa = PBXBuildFile; fileRef = E4AAA442260369B0006DF73A /* MiddleButtonTabBar.swift */; };
		E4AAA4962603CC27006DF73A /* Notifications.swift in Sources */ = {isa = PBXBuildFile; fileRef = E4AAA4952603CC27006DF73A /* Notifications.swift */; };
/* End PBXBuildFile section */

/* Begin PBXFileReference section */
		2D072E3F54676A3D2332BFDC /* Pods_VarkaAPP.framework */ = {isa = PBXFileReference; explicitFileType = wrapper.framework; includeInIndex = 0; path = Pods_VarkaAPP.framework; sourceTree = BUILT_PRODUCTS_DIR; };
		368895D720CB91702BA8B665 /* Pods-VarkaAPP.debug.xcconfig */ = {isa = PBXFileReference; includeInIndex = 1; lastKnownFileType = text.xcconfig; name = "Pods-VarkaAPP.debug.xcconfig"; path = "Target Support Files/Pods-VarkaAPP/Pods-VarkaAPP.debug.xcconfig"; sourceTree = "<group>"; };
		44445641A18A32DE51622430 /* Pods-VarkaAPP.release.xcconfig */ = {isa = PBXFileReference; includeInIndex = 1; lastKnownFileType = text.xcconfig; name = "Pods-VarkaAPP.release.xcconfig"; path = "Target Support Files/Pods-VarkaAPP/Pods-VarkaAPP.release.xcconfig"; sourceTree = "<group>"; };
		CE02B9EC25F2ACA000788EE3 /* Product.swift */ = {isa = PBXFileReference; lastKnownFileType = sourcecode.swift; path = Product.swift; sourceTree = "<group>"; };
		CE02B9EF25F2B2F900788EE3 /* GoogleService-Info.plist */ = {isa = PBXFileReference; fileEncoding = 4; lastKnownFileType = text.plist.xml; path = "GoogleService-Info.plist"; sourceTree = "<group>"; };
		CE02BA0525F3A94500788EE3 /* FirebaseService.swift */ = {isa = PBXFileReference; lastKnownFileType = sourcecode.swift; path = FirebaseService.swift; sourceTree = "<group>"; };
		CE02BA0925F3AB6800788EE3 /* ProductInfoViewController.swift */ = {isa = PBXFileReference; lastKnownFileType = sourcecode.swift; path = ProductInfoViewController.swift; sourceTree = "<group>"; };
		CE02BA0A25F3AB6800788EE3 /* ProductInfoViewController.xib */ = {isa = PBXFileReference; lastKnownFileType = file.xib; path = ProductInfoViewController.xib; sourceTree = "<group>"; };
		CE02BA7B25F73E2100788EE3 /* ProductInfoViewModel.swift */ = {isa = PBXFileReference; lastKnownFileType = sourcecode.swift; path = ProductInfoViewModel.swift; sourceTree = "<group>"; };
		CE02BA8225F7572300788EE3 /* Box.swift */ = {isa = PBXFileReference; lastKnownFileType = sourcecode.swift; path = Box.swift; sourceTree = "<group>"; };
		CE0CFFC4260FA2B400B9A9AA /* TimeDiagram.swift */ = {isa = PBXFileReference; fileEncoding = 4; lastKnownFileType = sourcecode.swift; path = TimeDiagram.swift; sourceTree = "<group>"; };
		CE0CFFC8260FC01500B9A9AA /* UIView+Extension.swift */ = {isa = PBXFileReference; fileEncoding = 4; lastKnownFileType = sourcecode.swift; path = "UIView+Extension.swift"; sourceTree = "<group>"; };
		CE0CFFD12611993D00B9A9AA /* TimerManager.swift */ = {isa = PBXFileReference; lastKnownFileType = sourcecode.swift; path = TimerManager.swift; sourceTree = "<group>"; };
		CE20DE1725FCA7EF00274A95 /* TimerViewController.swift */ = {isa = PBXFileReference; lastKnownFileType = sourcecode.swift; path = TimerViewController.swift; sourceTree = "<group>"; };
		CE20DE1825FCA7EF00274A95 /* TimerViewController.xib */ = {isa = PBXFileReference; lastKnownFileType = file.xib; path = TimerViewController.xib; sourceTree = "<group>"; };
		CE2FF95A2603879600FDA68D /* CustomBarcodeScannerViewController.swift */ = {isa = PBXFileReference; lastKnownFileType = sourcecode.swift; path = CustomBarcodeScannerViewController.swift; sourceTree = "<group>"; };
		CE3A167F25F7957E00FFA849 /* RecentProductsViewController.xib */ = {isa = PBXFileReference; lastKnownFileType = file.xib; path = RecentProductsViewController.xib; sourceTree = "<group>"; };
		CE3A168A25F9D7A000FFA849 /* Category.swift */ = {isa = PBXFileReference; lastKnownFileType = sourcecode.swift; path = Category.swift; sourceTree = "<group>"; };
		CE3A168E25F9D9BB00FFA849 /* DateFormatter+Extension.swift */ = {isa = PBXFileReference; lastKnownFileType = sourcecode.swift; path = "DateFormatter+Extension.swift"; sourceTree = "<group>"; };
		CE3F63B826011C7200968946 /* TimerPickerView.swift */ = {isa = PBXFileReference; lastKnownFileType = sourcecode.swift; path = TimerPickerView.swift; sourceTree = "<group>"; };
		CE3F63BB26011EAE00968946 /* TimerViewModel.swift */ = {isa = PBXFileReference; lastKnownFileType = sourcecode.swift; path = TimerViewModel.swift; sourceTree = "<group>"; };
		CE50DD7C260276A700E33695 /* FirebaseServiceError.swift */ = {isa = PBXFileReference; lastKnownFileType = sourcecode.swift; path = FirebaseServiceError.swift; sourceTree = "<group>"; };
		E4109EA32604B22F00A1E01E /* timer.png */ = {isa = PBXFileReference; lastKnownFileType = image.png; path = timer.png; sourceTree = "<group>"; };
		E4109EA82605D7A300A1E01E /* not.wav */ = {isa = PBXFileReference; lastKnownFileType = audio.wav; path = not.wav; sourceTree = "<group>"; };
		E4109EAB2605DB9500A1E01E /* nom.wav */ = {isa = PBXFileReference; lastKnownFileType = audio.wav; path = nom.wav; sourceTree = "<group>"; };
		E451D08325F4002F00890584 /* Constants.swift */ = {isa = PBXFileReference; lastKnownFileType = sourcecode.swift; path = Constants.swift; sourceTree = "<group>"; };
		E451D08925F7370C00890584 /* AddingNewProductViewController.swift */ = {isa = PBXFileReference; lastKnownFileType = sourcecode.swift; path = AddingNewProductViewController.swift; sourceTree = "<group>"; };
		E451D08C25F7372100890584 /* AddingNewProductViewModel.swift */ = {isa = PBXFileReference; lastKnownFileType = sourcecode.swift; path = AddingNewProductViewModel.swift; sourceTree = "<group>"; };
		E466EE5E25FF771E004E18D1 /* CustomTabBarViewModel.swift */ = {isa = PBXFileReference; lastKnownFileType = sourcecode.swift; path = CustomTabBarViewModel.swift; sourceTree = "<group>"; };
		E466EE78260089AF004E18D1 /* ImageTitles.swift */ = {isa = PBXFileReference; lastKnownFileType = sourcecode.swift; path = ImageTitles.swift; sourceTree = "<group>"; };
		E466EE7B26008BC4004E18D1 /* Inscriptions.swift */ = {isa = PBXFileReference; lastKnownFileType = sourcecode.swift; path = Inscriptions.swift; sourceTree = "<group>"; };
		E491967325F8E30000395445 /* RecentProductCollectionViewCell.swift */ = {isa = PBXFileReference; lastKnownFileType = sourcecode.swift; path = RecentProductCollectionViewCell.swift; sourceTree = "<group>"; };
		E491967825F8F5A200395445 /* RecentProductCollectionView.swift */ = {isa = PBXFileReference; lastKnownFileType = sourcecode.swift; path = RecentProductCollectionView.swift; sourceTree = "<group>"; };
		E491967E25FA8ABF00395445 /* RecentProductCollectionViewViewModel.swift */ = {isa = PBXFileReference; lastKnownFileType = sourcecode.swift; path = RecentProductCollectionViewViewModel.swift; sourceTree = "<group>"; };
		E491968625FA8E4B00395445 /* RecentProductCollectionViewCellViewModel.swift */ = {isa = PBXFileReference; lastKnownFileType = sourcecode.swift; path = RecentProductCollectionViewCellViewModel.swift; sourceTree = "<group>"; };
		E491969825FB5C2900395445 /* CGPath+Extension.swift */ = {isa = PBXFileReference; lastKnownFileType = sourcecode.swift; path = "CGPath+Extension.swift"; sourceTree = "<group>"; };
		E49196C625FB9F5D00395445 /* StorageManager.swift */ = {isa = PBXFileReference; lastKnownFileType = sourcecode.swift; path = StorageManager.swift; sourceTree = "<group>"; };
		E495627425F20F2A0068F15A /* VarkaAPP.app */ = {isa = PBXFileReference; explicitFileType = wrapper.application; includeInIndex = 0; path = VarkaAPP.app; sourceTree = BUILT_PRODUCTS_DIR; };
		E495627725F20F2A0068F15A /* AppDelegate.swift */ = {isa = PBXFileReference; lastKnownFileType = sourcecode.swift; path = AppDelegate.swift; sourceTree = "<group>"; };
		E495627925F20F2A0068F15A /* SceneDelegate.swift */ = {isa = PBXFileReference; lastKnownFileType = sourcecode.swift; path = SceneDelegate.swift; sourceTree = "<group>"; };
		E495627E25F20F2A0068F15A /* Base */ = {isa = PBXFileReference; lastKnownFileType = file.storyboard; name = Base; path = Base.lproj/Main.storyboard; sourceTree = "<group>"; };
		E495628125F20F2A0068F15A /* VarkaAPP.xcdatamodel */ = {isa = PBXFileReference; lastKnownFileType = wrapper.xcdatamodel; path = VarkaAPP.xcdatamodel; sourceTree = "<group>"; };
		E495628325F20F2D0068F15A /* Assets.xcassets */ = {isa = PBXFileReference; lastKnownFileType = folder.assetcatalog; path = Assets.xcassets; sourceTree = "<group>"; };
		E495628625F20F2D0068F15A /* Base */ = {isa = PBXFileReference; lastKnownFileType = file.storyboard; name = Base; path = Base.lproj/LaunchScreen.storyboard; sourceTree = "<group>"; };
		E495628825F20F2D0068F15A /* Info.plist */ = {isa = PBXFileReference; lastKnownFileType = text.plist.xml; path = Info.plist; sourceTree = "<group>"; };
		E49562C625F245AF0068F15A /* RecentProductsViewController.swift */ = {isa = PBXFileReference; lastKnownFileType = sourcecode.swift; path = RecentProductsViewController.swift; sourceTree = "<group>"; };
		E49562CD25F246DE0068F15A /* CustomTabBarController.swift */ = {isa = PBXFileReference; lastKnownFileType = sourcecode.swift; path = CustomTabBarController.swift; sourceTree = "<group>"; };
		E49562D025F247990068F15A /* CustomTabBar.swift */ = {isa = PBXFileReference; lastKnownFileType = sourcecode.swift; path = CustomTabBar.swift; sourceTree = "<group>"; };
		E49562D825F2775E0068F15A /* RecentProductViewModel.swift */ = {isa = PBXFileReference; lastKnownFileType = sourcecode.swift; path = RecentProductViewModel.swift; sourceTree = "<group>"; };
		E4AAA442260369B0006DF73A /* MiddleButtonTabBar.swift */ = {isa = PBXFileReference; lastKnownFileType = sourcecode.swift; path = MiddleButtonTabBar.swift; sourceTree = "<group>"; };
		E4AAA4952603CC27006DF73A /* Notifications.swift */ = {isa = PBXFileReference; lastKnownFileType = sourcecode.swift; path = Notifications.swift; sourceTree = "<group>"; };
/* End PBXFileReference section */

/* Begin PBXFrameworksBuildPhase section */
		E495627125F20F2A0068F15A /* Frameworks */ = {
			isa = PBXFrameworksBuildPhase;
			buildActionMask = 2147483647;
			files = (
				B4A93CC62F9DE9305CB5ED4A /* Pods_VarkaAPP.framework in Frameworks */,
			);
			runOnlyForDeploymentPostprocessing = 0;
		};
/* End PBXFrameworksBuildPhase section */

/* Begin PBXGroup section */
		2CB13E2CF021FEFD5AC1268F /* Frameworks */ = {
			isa = PBXGroup;
			children = (
				2D072E3F54676A3D2332BFDC /* Pods_VarkaAPP.framework */,
			);
			name = Frameworks;
			sourceTree = "<group>";
		};
		79D81D43AA5EFD42FF24CC98 /* Pods */ = {
			isa = PBXGroup;
			children = (
				368895D720CB91702BA8B665 /* Pods-VarkaAPP.debug.xcconfig */,
				44445641A18A32DE51622430 /* Pods-VarkaAPP.release.xcconfig */,
			);
			path = Pods;
			sourceTree = "<group>";
		};
		CE02B9EB25F2AC6200788EE3 /* Models */ = {
			isa = PBXGroup;
			children = (
				CE02B9EC25F2ACA000788EE3 /* Product.swift */,
				CE3A168A25F9D7A000FFA849 /* Category.swift */,
			);
			path = Models;
			sourceTree = "<group>";
		};
		CE02BA0325F3A8E600788EE3 /* Services */ = {
			isa = PBXGroup;
			children = (
				CE0CFFD626122F6A00B9A9AA /* TimerManager */,
				E49196C525FB9F4200395445 /* StorageManager */,
				CE02BA0425F3A91700788EE3 /* FirebaseService */,
			);
			path = Services;
			sourceTree = "<group>";
		};
		CE02BA0425F3A91700788EE3 /* FirebaseService */ = {
			isa = PBXGroup;
			children = (
				CE02BA0525F3A94500788EE3 /* FirebaseService.swift */,
				CE50DD7C260276A700E33695 /* FirebaseServiceError.swift */,
			);
			path = FirebaseService;
			sourceTree = "<group>";
		};
		CE02BA0825F3AB1400788EE3 /* ProductInfo */ = {
			isa = PBXGroup;
			children = (
				CE02BA0925F3AB6800788EE3 /* ProductInfoViewController.swift */,
				CE02BA7B25F73E2100788EE3 /* ProductInfoViewModel.swift */,
				CE02BA0A25F3AB6800788EE3 /* ProductInfoViewController.xib */,
			);
			path = ProductInfo;
			sourceTree = "<group>";
		};
		CE0CFFC3260FA29500B9A9AA /* Subviews */ = {
			isa = PBXGroup;
			children = (
				CE0CFFC4260FA2B400B9A9AA /* TimeDiagram.swift */,
			);
			path = Subviews;
			sourceTree = "<group>";
		};
		CE0CFFD626122F6A00B9A9AA /* TimerManager */ = {
			isa = PBXGroup;
			children = (
				CE0CFFD12611993D00B9A9AA /* TimerManager.swift */,
			);
			path = TimerManager;
			sourceTree = "<group>";
		};
		CE20DE1625FCA74D00274A95 /* Timer */ = {
			isa = PBXGroup;
			children = (
				CE20DE1725FCA7EF00274A95 /* TimerViewController.swift */,
				CE3F63BB26011EAE00968946 /* TimerViewModel.swift */,
				CE20DE1825FCA7EF00274A95 /* TimerViewController.xib */,
				CE0CFFC3260FA29500B9A9AA /* Subviews */,
			);
			path = Timer;
			sourceTree = "<group>";
		};
		CE2FF94426032FBC00FDA68D /* Subviews */ = {
			isa = PBXGroup;
			children = (
				E49562D025F247990068F15A /* CustomTabBar.swift */,
				CE2FF95A2603879600FDA68D /* CustomBarcodeScannerViewController.swift */,
				E4AAA442260369B0006DF73A /* MiddleButtonTabBar.swift */,
			);
			path = Subviews;
			sourceTree = "<group>";
		};
		CE3A167B25F7925A00FFA849 /* Modules */ = {
			isa = PBXGroup;
			children = (
				E49562CB25F246A90068F15A /* CustomTabBar */,
				CE02BA0825F3AB1400788EE3 /* ProductInfo */,
				E49562C925F245B40068F15A /* RecentProducts */,
				E451D08825F736E500890584 /* AddingNewProduct */,
				CE20DE1625FCA74D00274A95 /* Timer */,
			);
			path = Modules;
			sourceTree = "<group>";
		};
		E4109EA62604B2BB00A1E01E /* Images */ = {
			isa = PBXGroup;
			children = (
				E4109EA32604B22F00A1E01E /* timer.png */,
			);
			path = Images;
			sourceTree = "<group>";
		};
		E4109EAE2605DBCC00A1E01E /* Sounds */ = {
			isa = PBXGroup;
			children = (
				E4109EAB2605DB9500A1E01E /* nom.wav */,
				E4109EA82605D7A300A1E01E /* not.wav */,
			);
			path = Sounds;
			sourceTree = "<group>";
		};
		E451D07E25F3FF8100890584 /* Extensions */ = {
			isa = PBXGroup;
			children = (
				CE0CFFC8260FC01500B9A9AA /* UIView+Extension.swift */,
				CE3A168E25F9D9BB00FFA849 /* DateFormatter+Extension.swift */,
				E491969825FB5C2900395445 /* CGPath+Extension.swift */,
			);
			path = Extensions;
			sourceTree = "<group>";
		};
		E451D08225F4001400890584 /* Helpers */ = {
			isa = PBXGroup;
			children = (
				E451D08325F4002F00890584 /* Constants.swift */,
				E466EE78260089AF004E18D1 /* ImageTitles.swift */,
				E466EE7B26008BC4004E18D1 /* Inscriptions.swift */,
			);
			path = Helpers;
			sourceTree = "<group>";
		};
		E451D08625F400B700890584 /* Additional Files  */ = {
			isa = PBXGroup;
			children = (
				CE02BA8225F7572300788EE3 /* Box.swift */,
				CE3F63B826011C7200968946 /* TimerPickerView.swift */,
				E4AAA4952603CC27006DF73A /* Notifications.swift */,
				E451D07E25F3FF8100890584 /* Extensions */,
				E451D08225F4001400890584 /* Helpers */,
			);
			path = "Additional Files ";
			sourceTree = "<group>";
		};
		E451D08825F736E500890584 /* AddingNewProduct */ = {
			isa = PBXGroup;
			children = (
				E451D08925F7370C00890584 /* AddingNewProductViewController.swift */,
				E451D08C25F7372100890584 /* AddingNewProductViewModel.swift */,
			);
			path = AddingNewProduct;
			sourceTree = "<group>";
		};
		E491967225F8E2BC00395445 /* RecentProductViewCell */ = {
			isa = PBXGroup;
			children = (
				E491967325F8E30000395445 /* RecentProductCollectionViewCell.swift */,
				E491968625FA8E4B00395445 /* RecentProductCollectionViewCellViewModel.swift */,
			);
			path = RecentProductViewCell;
			sourceTree = "<group>";
		};
		E491968425FA8DCB00395445 /* RecentProductsViewController */ = {
			isa = PBXGroup;
			children = (
				E49562C625F245AF0068F15A /* RecentProductsViewController.swift */,
				E49562D825F2775E0068F15A /* RecentProductViewModel.swift */,
				CE3A167F25F7957E00FFA849 /* RecentProductsViewController.xib */,
			);
			path = RecentProductsViewController;
			sourceTree = "<group>";
		};
		E491968525FA8DF700395445 /* RecentProductsCollectionView */ = {
			isa = PBXGroup;
			children = (
				E491967825F8F5A200395445 /* RecentProductCollectionView.swift */,
				E491967E25FA8ABF00395445 /* RecentProductCollectionViewViewModel.swift */,
			);
			path = RecentProductsCollectionView;
			sourceTree = "<group>";
		};
		E49196C525FB9F4200395445 /* StorageManager */ = {
			isa = PBXGroup;
			children = (
				E49196C625FB9F5D00395445 /* StorageManager.swift */,
			);
			path = StorageManager;
			sourceTree = "<group>";
		};
		E495626B25F20F2A0068F15A = {
			isa = PBXGroup;
			children = (
				E495627625F20F2A0068F15A /* VarkaAPP */,
				E495627525F20F2A0068F15A /* Products */,
				79D81D43AA5EFD42FF24CC98 /* Pods */,
				2CB13E2CF021FEFD5AC1268F /* Frameworks */,
			);
			sourceTree = "<group>";
		};
		E495627525F20F2A0068F15A /* Products */ = {
			isa = PBXGroup;
			children = (
				E495627425F20F2A0068F15A /* VarkaAPP.app */,
			);
			name = Products;
			sourceTree = "<group>";
		};
		E495627625F20F2A0068F15A /* VarkaAPP */ = {
			isa = PBXGroup;
			children = (
				CE3A167B25F7925A00FFA849 /* Modules */,
				CE02B9EB25F2AC6200788EE3 /* Models */,
				E495629225F20F7B0068F15A /* Storyboards */,
				CE02BA0325F3A8E600788EE3 /* Services */,
				E451D08625F400B700890584 /* Additional Files  */,
				E495629125F20F5E0068F15A /* Resources */,
				E495629025F20F510068F15A /* Supporting Files */,
			);
			path = VarkaAPP;
			sourceTree = "<group>";
		};
		E495629025F20F510068F15A /* Supporting Files */ = {
			isa = PBXGroup;
			children = (
				E495628025F20F2A0068F15A /* VarkaAPP.xcdatamodeld */,
				E495628825F20F2D0068F15A /* Info.plist */,
				CE02B9EF25F2B2F900788EE3 /* GoogleService-Info.plist */,
				E495627925F20F2A0068F15A /* SceneDelegate.swift */,
				E495627725F20F2A0068F15A /* AppDelegate.swift */,
			);
			path = "Supporting Files";
			sourceTree = "<group>";
		};
		E495629125F20F5E0068F15A /* Resources */ = {
			isa = PBXGroup;
			children = (
				E4109EAE2605DBCC00A1E01E /* Sounds */,
				E4109EA62604B2BB00A1E01E /* Images */,
				E495628325F20F2D0068F15A /* Assets.xcassets */,
			);
			path = Resources;
			sourceTree = "<group>";
		};
		E495629225F20F7B0068F15A /* Storyboards */ = {
			isa = PBXGroup;
			children = (
				E495627D25F20F2A0068F15A /* Main.storyboard */,
				E495628525F20F2D0068F15A /* LaunchScreen.storyboard */,
			);
			path = Storyboards;
			sourceTree = "<group>";
		};
		E49562C925F245B40068F15A /* RecentProducts */ = {
			isa = PBXGroup;
			children = (
				E491967225F8E2BC00395445 /* RecentProductViewCell */,
				E491968525FA8DF700395445 /* RecentProductsCollectionView */,
				E491968425FA8DCB00395445 /* RecentProductsViewController */,
			);
			path = RecentProducts;
			sourceTree = "<group>";
		};
		E49562CB25F246A90068F15A /* CustomTabBar */ = {
			isa = PBXGroup;
			children = (
				E49562CD25F246DE0068F15A /* CustomTabBarController.swift */,
				E466EE5E25FF771E004E18D1 /* CustomTabBarViewModel.swift */,
				CE2FF94426032FBC00FDA68D /* Subviews */,
			);
			path = CustomTabBar;
			sourceTree = "<group>";
		};
/* End PBXGroup section */

/* Begin PBXNativeTarget section */
		E495627325F20F2A0068F15A /* VarkaAPP */ = {
			isa = PBXNativeTarget;
			buildConfigurationList = E495628B25F20F2D0068F15A /* Build configuration list for PBXNativeTarget "VarkaAPP" */;
			buildPhases = (
				32E1800A6EECB04F3F85F0A1 /* [CP] Check Pods Manifest.lock */,
				E495627025F20F2A0068F15A /* Sources */,
				E495627125F20F2A0068F15A /* Frameworks */,
				E495627225F20F2A0068F15A /* Resources */,
				437DCDE8C4A74E889C24CCA6 /* [CP] Embed Pods Frameworks */,
			);
			buildRules = (
			);
			dependencies = (
			);
			name = VarkaAPP;
			productName = VarkaAPP;
			productReference = E495627425F20F2A0068F15A /* VarkaAPP.app */;
			productType = "com.apple.product-type.application";
		};
/* End PBXNativeTarget section */

/* Begin PBXProject section */
		E495626C25F20F2A0068F15A /* Project object */ = {
			isa = PBXProject;
			attributes = {
				LastSwiftUpdateCheck = 1230;
				LastUpgradeCheck = 1230;
				TargetAttributes = {
					E495627325F20F2A0068F15A = {
						CreatedOnToolsVersion = 12.3;
					};
				};
			};
			buildConfigurationList = E495626F25F20F2A0068F15A /* Build configuration list for PBXProject "VarkaAPP" */;
			compatibilityVersion = "Xcode 9.3";
			developmentRegion = en;
			hasScannedForEncodings = 0;
			knownRegions = (
				en,
				Base,
			);
			mainGroup = E495626B25F20F2A0068F15A;
			productRefGroup = E495627525F20F2A0068F15A /* Products */;
			projectDirPath = "";
			projectRoot = "";
			targets = (
				E495627325F20F2A0068F15A /* VarkaAPP */,
			);
		};
/* End PBXProject section */

/* Begin PBXResourcesBuildPhase section */
		E495627225F20F2A0068F15A /* Resources */ = {
			isa = PBXResourcesBuildPhase;
			buildActionMask = 2147483647;
			files = (
				CE02BA0C25F3AB6800788EE3 /* ProductInfoViewController.xib in Resources */,
				E495628725F20F2D0068F15A /* LaunchScreen.storyboard in Resources */,
				CE02B9F025F2B2F900788EE3 /* GoogleService-Info.plist in Resources */,
				E4109EAC2605DB9500A1E01E /* nom.wav in Resources */,
				CE20DE1A25FCA7EF00274A95 /* TimerViewController.xib in Resources */,
				E495628425F20F2D0068F15A /* Assets.xcassets in Resources */,
				E4109EA42604B22F00A1E01E /* timer.png in Resources */,
				E4109EA92605D7A300A1E01E /* not.wav in Resources */,
				CE3A168025F7957E00FFA849 /* RecentProductsViewController.xib in Resources */,
				E495627F25F20F2A0068F15A /* Main.storyboard in Resources */,
			);
			runOnlyForDeploymentPostprocessing = 0;
		};
/* End PBXResourcesBuildPhase section */

/* Begin PBXShellScriptBuildPhase section */
		32E1800A6EECB04F3F85F0A1 /* [CP] Check Pods Manifest.lock */ = {
			isa = PBXShellScriptBuildPhase;
			buildActionMask = 2147483647;
			files = (
			);
			inputFileListPaths = (
			);
			inputPaths = (
				"${PODS_PODFILE_DIR_PATH}/Podfile.lock",
				"${PODS_ROOT}/Manifest.lock",
			);
			name = "[CP] Check Pods Manifest.lock";
			outputFileListPaths = (
			);
			outputPaths = (
				"$(DERIVED_FILE_DIR)/Pods-VarkaAPP-checkManifestLockResult.txt",
			);
			runOnlyForDeploymentPostprocessing = 0;
			shellPath = /bin/sh;
			shellScript = "diff \"${PODS_PODFILE_DIR_PATH}/Podfile.lock\" \"${PODS_ROOT}/Manifest.lock\" > /dev/null\nif [ $? != 0 ] ; then\n    # print error to STDERR\n    echo \"error: The sandbox is not in sync with the Podfile.lock. Run 'pod install' or update your CocoaPods installation.\" >&2\n    exit 1\nfi\n# This output is used by Xcode 'outputs' to avoid re-running this script phase.\necho \"SUCCESS\" > \"${SCRIPT_OUTPUT_FILE_0}\"\n";
			showEnvVarsInLog = 0;
		};
		437DCDE8C4A74E889C24CCA6 /* [CP] Embed Pods Frameworks */ = {
			isa = PBXShellScriptBuildPhase;
			buildActionMask = 2147483647;
			files = (
			);
			inputFileListPaths = (
				"${PODS_ROOT}/Target Support Files/Pods-VarkaAPP/Pods-VarkaAPP-frameworks-${CONFIGURATION}-input-files.xcfilelist",
			);
			name = "[CP] Embed Pods Frameworks";
			outputFileListPaths = (
				"${PODS_ROOT}/Target Support Files/Pods-VarkaAPP/Pods-VarkaAPP-frameworks-${CONFIGURATION}-output-files.xcfilelist",
			);
			runOnlyForDeploymentPostprocessing = 0;
			shellPath = /bin/sh;
			shellScript = "\"${PODS_ROOT}/Target Support Files/Pods-VarkaAPP/Pods-VarkaAPP-frameworks.sh\"\n";
			showEnvVarsInLog = 0;
		};
/* End PBXShellScriptBuildPhase section */

/* Begin PBXSourcesBuildPhase section */
		E495627025F20F2A0068F15A /* Sources */ = {
			isa = PBXSourcesBuildPhase;
			buildActionMask = 2147483647;
			files = (
				E495627825F20F2A0068F15A /* AppDelegate.swift in Sources */,
				E491968725FA8E4B00395445 /* RecentProductCollectionViewCellViewModel.swift in Sources */,
				CE02BA8325F7572300788EE3 /* Box.swift in Sources */,
				E491967F25FA8ABF00395445 /* RecentProductCollectionViewViewModel.swift in Sources */,
				E49562CE25F246DE0068F15A /* CustomTabBarController.swift in Sources */,
				E4AAA4962603CC27006DF73A /* Notifications.swift in Sources */,
				E491967925F8F5A200395445 /* RecentProductCollectionView.swift in Sources */,
				CE3F63B926011C7200968946 /* TimerPickerView.swift in Sources */,
				E491969925FB5C2900395445 /* CGPath+Extension.swift in Sources */,
				E466EE5F25FF771E004E18D1 /* CustomTabBarViewModel.swift in Sources */,
				CE02BA0625F3A94500788EE3 /* FirebaseService.swift in Sources */,
				CE20DE1925FCA7EF00274A95 /* TimerViewController.swift in Sources */,
				CE0CFFC5260FA2B400B9A9AA /* TimeDiagram.swift in Sources */,
				E495627A25F20F2A0068F15A /* SceneDelegate.swift in Sources */,
				E466EE79260089AF004E18D1 /* ImageTitles.swift in Sources */,
				CE0CFFD22611993D00B9A9AA /* TimerManager.swift in Sources */,
				E49562D125F247990068F15A /* CustomTabBar.swift in Sources */,
				CE3A168B25F9D7A000FFA849 /* Category.swift in Sources */,
				CE02BA7C25F73E2100788EE3 /* ProductInfoViewModel.swift in Sources */,
				E466EE7C26008BC4004E18D1 /* Inscriptions.swift in Sources */,
				CE2FF95B2603879600FDA68D /* CustomBarcodeScannerViewController.swift in Sources */,
				E491967525F8E30000395445 /* RecentProductCollectionViewCell.swift in Sources */,
				CE02BA0B25F3AB6800788EE3 /* ProductInfoViewController.swift in Sources */,
				CE50DD7D260276A700E33695 /* FirebaseServiceError.swift in Sources */,
				E451D08D25F7372100890584 /* AddingNewProductViewModel.swift in Sources */,
				CE3F63BC26011EAE00968946 /* TimerViewModel.swift in Sources */,
				E49562C725F245AF0068F15A /* RecentProductsViewController.swift in Sources */,
				E49562D925F2775E0068F15A /* RecentProductViewModel.swift in Sources */,
				E49196C725FB9F5D00395445 /* StorageManager.swift in Sources */,
				CE0CFFC9260FC01500B9A9AA /* UIView+Extension.swift in Sources */,
				E4AAA443260369B0006DF73A /* MiddleButtonTabBar.swift in Sources */,
				CE02B9ED25F2ACA000788EE3 /* Product.swift in Sources */,
				E451D08425F4002F00890584 /* Constants.swift in Sources */,
				E495628225F20F2A0068F15A /* VarkaAPP.xcdatamodeld in Sources */,
				CE3A168F25F9D9BB00FFA849 /* DateFormatter+Extension.swift in Sources */,
				E451D08A25F7370C00890584 /* AddingNewProductViewController.swift in Sources */,
			);
			runOnlyForDeploymentPostprocessing = 0;
		};
/* End PBXSourcesBuildPhase section */

/* Begin PBXVariantGroup section */
		E495627D25F20F2A0068F15A /* Main.storyboard */ = {
			isa = PBXVariantGroup;
			children = (
				E495627E25F20F2A0068F15A /* Base */,
			);
			name = Main.storyboard;
			sourceTree = "<group>";
		};
		E495628525F20F2D0068F15A /* LaunchScreen.storyboard */ = {
			isa = PBXVariantGroup;
			children = (
				E495628625F20F2D0068F15A /* Base */,
			);
			name = LaunchScreen.storyboard;
			sourceTree = "<group>";
		};
/* End PBXVariantGroup section */

/* Begin XCBuildConfiguration section */
		E495628925F20F2D0068F15A /* Debug */ = {
			isa = XCBuildConfiguration;
			buildSettings = {
				ALWAYS_SEARCH_USER_PATHS = NO;
				CLANG_ANALYZER_NONNULL = YES;
				CLANG_ANALYZER_NUMBER_OBJECT_CONVERSION = YES_AGGRESSIVE;
				CLANG_CXX_LANGUAGE_STANDARD = "gnu++14";
				CLANG_CXX_LIBRARY = "libc++";
				CLANG_ENABLE_MODULES = YES;
				CLANG_ENABLE_OBJC_ARC = YES;
				CLANG_ENABLE_OBJC_WEAK = YES;
				CLANG_WARN_BLOCK_CAPTURE_AUTORELEASING = YES;
				CLANG_WARN_BOOL_CONVERSION = YES;
				CLANG_WARN_COMMA = YES;
				CLANG_WARN_CONSTANT_CONVERSION = YES;
				CLANG_WARN_DEPRECATED_OBJC_IMPLEMENTATIONS = YES;
				CLANG_WARN_DIRECT_OBJC_ISA_USAGE = YES_ERROR;
				CLANG_WARN_DOCUMENTATION_COMMENTS = YES;
				CLANG_WARN_EMPTY_BODY = YES;
				CLANG_WARN_ENUM_CONVERSION = YES;
				CLANG_WARN_INFINITE_RECURSION = YES;
				CLANG_WARN_INT_CONVERSION = YES;
				CLANG_WARN_NON_LITERAL_NULL_CONVERSION = YES;
				CLANG_WARN_OBJC_IMPLICIT_RETAIN_SELF = YES;
				CLANG_WARN_OBJC_LITERAL_CONVERSION = YES;
				CLANG_WARN_OBJC_ROOT_CLASS = YES_ERROR;
				CLANG_WARN_QUOTED_INCLUDE_IN_FRAMEWORK_HEADER = YES;
				CLANG_WARN_RANGE_LOOP_ANALYSIS = YES;
				CLANG_WARN_STRICT_PROTOTYPES = YES;
				CLANG_WARN_SUSPICIOUS_MOVE = YES;
				CLANG_WARN_UNGUARDED_AVAILABILITY = YES_AGGRESSIVE;
				CLANG_WARN_UNREACHABLE_CODE = YES;
				CLANG_WARN__DUPLICATE_METHOD_MATCH = YES;
				COPY_PHASE_STRIP = NO;
				DEBUG_INFORMATION_FORMAT = dwarf;
				ENABLE_STRICT_OBJC_MSGSEND = YES;
				ENABLE_TESTABILITY = YES;
				GCC_C_LANGUAGE_STANDARD = gnu11;
				GCC_DYNAMIC_NO_PIC = NO;
				GCC_NO_COMMON_BLOCKS = YES;
				GCC_OPTIMIZATION_LEVEL = 0;
				GCC_PREPROCESSOR_DEFINITIONS = (
					"DEBUG=1",
					"$(inherited)",
				);
				GCC_WARN_64_TO_32_BIT_CONVERSION = YES;
				GCC_WARN_ABOUT_RETURN_TYPE = YES_ERROR;
				GCC_WARN_UNDECLARED_SELECTOR = YES;
				GCC_WARN_UNINITIALIZED_AUTOS = YES_AGGRESSIVE;
				GCC_WARN_UNUSED_FUNCTION = YES;
				GCC_WARN_UNUSED_VARIABLE = YES;
				IPHONEOS_DEPLOYMENT_TARGET = 14.3;
				MTL_ENABLE_DEBUG_INFO = INCLUDE_SOURCE;
				MTL_FAST_MATH = YES;
				ONLY_ACTIVE_ARCH = YES;
				SDKROOT = iphoneos;
				SWIFT_ACTIVE_COMPILATION_CONDITIONS = DEBUG;
				SWIFT_OPTIMIZATION_LEVEL = "-Onone";
			};
			name = Debug;
		};
		E495628A25F20F2D0068F15A /* Release */ = {
			isa = XCBuildConfiguration;
			buildSettings = {
				ALWAYS_SEARCH_USER_PATHS = NO;
				CLANG_ANALYZER_NONNULL = YES;
				CLANG_ANALYZER_NUMBER_OBJECT_CONVERSION = YES_AGGRESSIVE;
				CLANG_CXX_LANGUAGE_STANDARD = "gnu++14";
				CLANG_CXX_LIBRARY = "libc++";
				CLANG_ENABLE_MODULES = YES;
				CLANG_ENABLE_OBJC_ARC = YES;
				CLANG_ENABLE_OBJC_WEAK = YES;
				CLANG_WARN_BLOCK_CAPTURE_AUTORELEASING = YES;
				CLANG_WARN_BOOL_CONVERSION = YES;
				CLANG_WARN_COMMA = YES;
				CLANG_WARN_CONSTANT_CONVERSION = YES;
				CLANG_WARN_DEPRECATED_OBJC_IMPLEMENTATIONS = YES;
				CLANG_WARN_DIRECT_OBJC_ISA_USAGE = YES_ERROR;
				CLANG_WARN_DOCUMENTATION_COMMENTS = YES;
				CLANG_WARN_EMPTY_BODY = YES;
				CLANG_WARN_ENUM_CONVERSION = YES;
				CLANG_WARN_INFINITE_RECURSION = YES;
				CLANG_WARN_INT_CONVERSION = YES;
				CLANG_WARN_NON_LITERAL_NULL_CONVERSION = YES;
				CLANG_WARN_OBJC_IMPLICIT_RETAIN_SELF = YES;
				CLANG_WARN_OBJC_LITERAL_CONVERSION = YES;
				CLANG_WARN_OBJC_ROOT_CLASS = YES_ERROR;
				CLANG_WARN_QUOTED_INCLUDE_IN_FRAMEWORK_HEADER = YES;
				CLANG_WARN_RANGE_LOOP_ANALYSIS = YES;
				CLANG_WARN_STRICT_PROTOTYPES = YES;
				CLANG_WARN_SUSPICIOUS_MOVE = YES;
				CLANG_WARN_UNGUARDED_AVAILABILITY = YES_AGGRESSIVE;
				CLANG_WARN_UNREACHABLE_CODE = YES;
				CLANG_WARN__DUPLICATE_METHOD_MATCH = YES;
				COPY_PHASE_STRIP = NO;
				DEBUG_INFORMATION_FORMAT = "dwarf-with-dsym";
				ENABLE_NS_ASSERTIONS = NO;
				ENABLE_STRICT_OBJC_MSGSEND = YES;
				GCC_C_LANGUAGE_STANDARD = gnu11;
				GCC_NO_COMMON_BLOCKS = YES;
				GCC_WARN_64_TO_32_BIT_CONVERSION = YES;
				GCC_WARN_ABOUT_RETURN_TYPE = YES_ERROR;
				GCC_WARN_UNDECLARED_SELECTOR = YES;
				GCC_WARN_UNINITIALIZED_AUTOS = YES_AGGRESSIVE;
				GCC_WARN_UNUSED_FUNCTION = YES;
				GCC_WARN_UNUSED_VARIABLE = YES;
				IPHONEOS_DEPLOYMENT_TARGET = 14.3;
				MTL_ENABLE_DEBUG_INFO = NO;
				MTL_FAST_MATH = YES;
				SDKROOT = iphoneos;
				SWIFT_COMPILATION_MODE = wholemodule;
				SWIFT_OPTIMIZATION_LEVEL = "-O";
				VALIDATE_PRODUCT = YES;
			};
			name = Release;
		};
		E495628C25F20F2D0068F15A /* Debug */ = {
			isa = XCBuildConfiguration;
			baseConfigurationReference = 368895D720CB91702BA8B665 /* Pods-VarkaAPP.debug.xcconfig */;
			buildSettings = {
				ASSETCATALOG_COMPILER_APPICON_NAME = AppIcon;
				ASSETCATALOG_COMPILER_GLOBAL_ACCENT_COLOR_NAME = AccentColor;
				CODE_SIGN_STYLE = Automatic;
				DEVELOPMENT_TEAM = 58287L88KM;
				INFOPLIST_FILE = "VarkaAPP/Supporting Files/Info.plist";
				IPHONEOS_DEPLOYMENT_TARGET = 14.3;
				LD_RUNPATH_SEARCH_PATHS = (
					"$(inherited)",
					"@executable_path/Frameworks",
				);
				PRODUCT_BUNDLE_IDENTIFIER = "Kik-OS.VarkaAPP";
				PRODUCT_NAME = "$(TARGET_NAME)";
				SWIFT_VERSION = 5.0;
				TARGETED_DEVICE_FAMILY = 1;
			};
			name = Debug;
		};
		E495628D25F20F2D0068F15A /* Release */ = {
			isa = XCBuildConfiguration;
			baseConfigurationReference = 44445641A18A32DE51622430 /* Pods-VarkaAPP.release.xcconfig */;
			buildSettings = {
				ASSETCATALOG_COMPILER_APPICON_NAME = AppIcon;
				ASSETCATALOG_COMPILER_GLOBAL_ACCENT_COLOR_NAME = AccentColor;
				CODE_SIGN_STYLE = Automatic;
				DEVELOPMENT_TEAM = 58287L88KM;
				INFOPLIST_FILE = "VarkaAPP/Supporting Files/Info.plist";
				IPHONEOS_DEPLOYMENT_TARGET = 14.3;
				LD_RUNPATH_SEARCH_PATHS = (
					"$(inherited)",
					"@executable_path/Frameworks",
				);
				PRODUCT_BUNDLE_IDENTIFIER = "Kik-OS.VarkaAPP";
				PRODUCT_NAME = "$(TARGET_NAME)";
				SWIFT_VERSION = 5.0;
				TARGETED_DEVICE_FAMILY = 1;
			};
			name = Release;
		};
/* End XCBuildConfiguration section */

/* Begin XCConfigurationList section */
		E495626F25F20F2A0068F15A /* Build configuration list for PBXProject "VarkaAPP" */ = {
			isa = XCConfigurationList;
			buildConfigurations = (
				E495628925F20F2D0068F15A /* Debug */,
				E495628A25F20F2D0068F15A /* Release */,
			);
			defaultConfigurationIsVisible = 0;
			defaultConfigurationName = Release;
		};
		E495628B25F20F2D0068F15A /* Build configuration list for PBXNativeTarget "VarkaAPP" */ = {
			isa = XCConfigurationList;
			buildConfigurations = (
				E495628C25F20F2D0068F15A /* Debug */,
				E495628D25F20F2D0068F15A /* Release */,
			);
			defaultConfigurationIsVisible = 0;
			defaultConfigurationName = Release;
		};
/* End XCConfigurationList section */

/* Begin XCVersionGroup section */
		E495628025F20F2A0068F15A /* VarkaAPP.xcdatamodeld */ = {
			isa = XCVersionGroup;
			children = (
				E495628125F20F2A0068F15A /* VarkaAPP.xcdatamodel */,
			);
			currentVersion = E495628125F20F2A0068F15A /* VarkaAPP.xcdatamodel */;
			path = VarkaAPP.xcdatamodeld;
			sourceTree = "<group>";
			versionGroupType = wrapper.xcdatamodel;
		};
/* End XCVersionGroup section */
	};
	rootObject = E495626C25F20F2A0068F15A /* Project object */;
}
