// !$*UTF8*$!
{
	archiveVersion = 1;
	classes = {
	};
	objectVersion = 51;
	objects = {

/* Begin PBXBuildFile section */
		92DF0E837979D9BE1CA2995C /* Pods_VarkaAPP.framework in Frameworks */ = {isa = PBXBuildFile; fileRef = 7260218810D9C9E8CAE94BC3 /* Pods_VarkaAPP.framework */; };
		CE02B9ED25F2ACA000788EE3 /* Product.swift in Sources */ = {isa = PBXBuildFile; fileRef = CE02B9EC25F2ACA000788EE3 /* Product.swift */; };
		CE02B9F025F2B2F900788EE3 /* GoogleService-Info.plist in Resources */ = {isa = PBXBuildFile; fileRef = CE02B9EF25F2B2F900788EE3 /* GoogleService-Info.plist */; };
		CE02BA0625F3A94500788EE3 /* FirebaseService.swift in Sources */ = {isa = PBXBuildFile; fileRef = CE02BA0525F3A94500788EE3 /* FirebaseService.swift */; };
		CE02BA0B25F3AB6800788EE3 /* FirebaseTestingViewController.swift in Sources */ = {isa = PBXBuildFile; fileRef = CE02BA0925F3AB6800788EE3 /* FirebaseTestingViewController.swift */; };
		CE02BA0C25F3AB6800788EE3 /* FirebaseTestingViewController.xib in Resources */ = {isa = PBXBuildFile; fileRef = CE02BA0A25F3AB6800788EE3 /* FirebaseTestingViewController.xib */; };
		E495627825F20F2A0068F15A /* AppDelegate.swift in Sources */ = {isa = PBXBuildFile; fileRef = E495627725F20F2A0068F15A /* AppDelegate.swift */; };
		E495627A25F20F2A0068F15A /* SceneDelegate.swift in Sources */ = {isa = PBXBuildFile; fileRef = E495627925F20F2A0068F15A /* SceneDelegate.swift */; };
		E495627F25F20F2A0068F15A /* Main.storyboard in Resources */ = {isa = PBXBuildFile; fileRef = E495627D25F20F2A0068F15A /* Main.storyboard */; };
		E495628225F20F2A0068F15A /* VarkaAPP.xcdatamodeld in Sources */ = {isa = PBXBuildFile; fileRef = E495628025F20F2A0068F15A /* VarkaAPP.xcdatamodeld */; };
		E495628425F20F2D0068F15A /* Assets.xcassets in Resources */ = {isa = PBXBuildFile; fileRef = E495628325F20F2D0068F15A /* Assets.xcassets */; };
		E495628725F20F2D0068F15A /* LaunchScreen.storyboard in Resources */ = {isa = PBXBuildFile; fileRef = E495628525F20F2D0068F15A /* LaunchScreen.storyboard */; };
		E495629625F20FDF0068F15A /* InfoAboutProductViewController.swift in Sources */ = {isa = PBXBuildFile; fileRef = E495629525F20FDF0068F15A /* InfoAboutProductViewController.swift */; };
		E495629925F20FED0068F15A /* InfoAboutProductViewModel.swift in Sources */ = {isa = PBXBuildFile; fileRef = E495629825F20FED0068F15A /* InfoAboutProductViewModel.swift */; };
		E49562C725F245AF0068F15A /* RecentProductsViewController.swift in Sources */ = {isa = PBXBuildFile; fileRef = E49562C625F245AF0068F15A /* RecentProductsViewController.swift */; };
		E49562CE25F246DE0068F15A /* CustomTabBarController.swift in Sources */ = {isa = PBXBuildFile; fileRef = E49562CD25F246DE0068F15A /* CustomTabBarController.swift */; };
		E49562D125F247990068F15A /* CustomTabBar.swift in Sources */ = {isa = PBXBuildFile; fileRef = E49562D025F247990068F15A /* CustomTabBar.swift */; };
		E49562D925F2775E0068F15A /* RecentProductViewModel.swift in Sources */ = {isa = PBXBuildFile; fileRef = E49562D825F2775E0068F15A /* RecentProductViewModel.swift */; };
/* End PBXBuildFile section */

/* Begin PBXFileReference section */
		279C6D49F0CF92B4F622ED1B /* Pods-VarkaAPP.debug.xcconfig */ = {isa = PBXFileReference; includeInIndex = 1; lastKnownFileType = text.xcconfig; name = "Pods-VarkaAPP.debug.xcconfig"; path = "Target Support Files/Pods-VarkaAPP/Pods-VarkaAPP.debug.xcconfig"; sourceTree = "<group>"; };
		3D2706771555FB2F0FF1CADB /* Pods-VarkaAPP.release.xcconfig */ = {isa = PBXFileReference; includeInIndex = 1; lastKnownFileType = text.xcconfig; name = "Pods-VarkaAPP.release.xcconfig"; path = "Target Support Files/Pods-VarkaAPP/Pods-VarkaAPP.release.xcconfig"; sourceTree = "<group>"; };
		7260218810D9C9E8CAE94BC3 /* Pods_VarkaAPP.framework */ = {isa = PBXFileReference; explicitFileType = wrapper.framework; includeInIndex = 0; path = Pods_VarkaAPP.framework; sourceTree = BUILT_PRODUCTS_DIR; };
		CE02B9EC25F2ACA000788EE3 /* Product.swift */ = {isa = PBXFileReference; lastKnownFileType = sourcecode.swift; path = Product.swift; sourceTree = "<group>"; };
		CE02B9EF25F2B2F900788EE3 /* GoogleService-Info.plist */ = {isa = PBXFileReference; fileEncoding = 4; lastKnownFileType = text.plist.xml; path = "GoogleService-Info.plist"; sourceTree = "<group>"; };
		CE02BA0525F3A94500788EE3 /* FirebaseService.swift */ = {isa = PBXFileReference; lastKnownFileType = sourcecode.swift; path = FirebaseService.swift; sourceTree = "<group>"; };
		CE02BA0925F3AB6800788EE3 /* FirebaseTestingViewController.swift */ = {isa = PBXFileReference; lastKnownFileType = sourcecode.swift; path = FirebaseTestingViewController.swift; sourceTree = "<group>"; };
		CE02BA0A25F3AB6800788EE3 /* FirebaseTestingViewController.xib */ = {isa = PBXFileReference; lastKnownFileType = file.xib; path = FirebaseTestingViewController.xib; sourceTree = "<group>"; };
		E495627425F20F2A0068F15A /* VarkaAPP.app */ = {isa = PBXFileReference; explicitFileType = wrapper.application; includeInIndex = 0; path = VarkaAPP.app; sourceTree = BUILT_PRODUCTS_DIR; };
		E495627725F20F2A0068F15A /* AppDelegate.swift */ = {isa = PBXFileReference; lastKnownFileType = sourcecode.swift; path = AppDelegate.swift; sourceTree = "<group>"; };
		E495627925F20F2A0068F15A /* SceneDelegate.swift */ = {isa = PBXFileReference; lastKnownFileType = sourcecode.swift; path = SceneDelegate.swift; sourceTree = "<group>"; };
		E495627E25F20F2A0068F15A /* Base */ = {isa = PBXFileReference; lastKnownFileType = file.storyboard; name = Base; path = Base.lproj/Main.storyboard; sourceTree = "<group>"; };
		E495628125F20F2A0068F15A /* VarkaAPP.xcdatamodel */ = {isa = PBXFileReference; lastKnownFileType = wrapper.xcdatamodel; path = VarkaAPP.xcdatamodel; sourceTree = "<group>"; };
		E495628325F20F2D0068F15A /* Assets.xcassets */ = {isa = PBXFileReference; lastKnownFileType = folder.assetcatalog; path = Assets.xcassets; sourceTree = "<group>"; };
		E495628625F20F2D0068F15A /* Base */ = {isa = PBXFileReference; lastKnownFileType = file.storyboard; name = Base; path = Base.lproj/LaunchScreen.storyboard; sourceTree = "<group>"; };
		E495628825F20F2D0068F15A /* Info.plist */ = {isa = PBXFileReference; lastKnownFileType = text.plist.xml; path = Info.plist; sourceTree = "<group>"; };
		E495629525F20FDF0068F15A /* InfoAboutProductViewController.swift */ = {isa = PBXFileReference; lastKnownFileType = sourcecode.swift; path = InfoAboutProductViewController.swift; sourceTree = "<group>"; };
		E495629825F20FED0068F15A /* InfoAboutProductViewModel.swift */ = {isa = PBXFileReference; lastKnownFileType = sourcecode.swift; path = InfoAboutProductViewModel.swift; sourceTree = "<group>"; };
		E49562C625F245AF0068F15A /* RecentProductsViewController.swift */ = {isa = PBXFileReference; lastKnownFileType = sourcecode.swift; path = RecentProductsViewController.swift; sourceTree = "<group>"; };
		E49562CD25F246DE0068F15A /* CustomTabBarController.swift */ = {isa = PBXFileReference; lastKnownFileType = sourcecode.swift; path = CustomTabBarController.swift; sourceTree = "<group>"; };
		E49562D025F247990068F15A /* CustomTabBar.swift */ = {isa = PBXFileReference; lastKnownFileType = sourcecode.swift; path = CustomTabBar.swift; sourceTree = "<group>"; };
		E49562D825F2775E0068F15A /* RecentProductViewModel.swift */ = {isa = PBXFileReference; lastKnownFileType = sourcecode.swift; path = RecentProductViewModel.swift; sourceTree = "<group>"; };
/* End PBXFileReference section */

/* Begin PBXFrameworksBuildPhase section */
		E495627125F20F2A0068F15A /* Frameworks */ = {
			isa = PBXFrameworksBuildPhase;
			buildActionMask = 2147483647;
			files = (
				92DF0E837979D9BE1CA2995C /* Pods_VarkaAPP.framework in Frameworks */,
			);
			runOnlyForDeploymentPostprocessing = 0;
		};
/* End PBXFrameworksBuildPhase section */

/* Begin PBXGroup section */
		6E65FE99C103A7E9EA7ACDF1 /* Frameworks */ = {
			isa = PBXGroup;
			children = (
				7260218810D9C9E8CAE94BC3 /* Pods_VarkaAPP.framework */,
			);
			name = Frameworks;
			sourceTree = "<group>";
		};
		79D81D43AA5EFD42FF24CC98 /* Pods */ = {
			isa = PBXGroup;
			children = (
				279C6D49F0CF92B4F622ED1B /* Pods-VarkaAPP.debug.xcconfig */,
				3D2706771555FB2F0FF1CADB /* Pods-VarkaAPP.release.xcconfig */,
			);
			path = Pods;
			sourceTree = "<group>";
		};
		CE02B9EB25F2AC6200788EE3 /* Models */ = {
			isa = PBXGroup;
			children = (
				CE02B9EC25F2ACA000788EE3 /* Product.swift */,
			);
			path = Models;
			sourceTree = "<group>";
		};
		CE02BA0325F3A8E600788EE3 /* Services */ = {
			isa = PBXGroup;
			children = (
				CE02BA0425F3A91700788EE3 /* FirebaseService */,
			);
			path = Services;
			sourceTree = "<group>";
		};
		CE02BA0425F3A91700788EE3 /* FirebaseService */ = {
			isa = PBXGroup;
			children = (
				CE02BA0525F3A94500788EE3 /* FirebaseService.swift */,
			);
			path = FirebaseService;
			sourceTree = "<group>";
		};
		CE02BA0825F3AB1400788EE3 /* FirebaseTesting */ = {
			isa = PBXGroup;
			children = (
				CE02BA0925F3AB6800788EE3 /* FirebaseTestingViewController.swift */,
				CE02BA0A25F3AB6800788EE3 /* FirebaseTestingViewController.xib */,
			);
			path = FirebaseTesting;
			sourceTree = "<group>";
		};
		E495626B25F20F2A0068F15A = {
			isa = PBXGroup;
			children = (
				E495627625F20F2A0068F15A /* VarkaAPP */,
				E495627525F20F2A0068F15A /* Products */,
				79D81D43AA5EFD42FF24CC98 /* Pods */,
				6E65FE99C103A7E9EA7ACDF1 /* Frameworks */,
			);
			sourceTree = "<group>";
		};
		E495627525F20F2A0068F15A /* Products */ = {
			isa = PBXGroup;
			children = (
				E495627425F20F2A0068F15A /* VarkaAPP.app */,
			);
			name = Products;
			sourceTree = "<group>";
		};
		E495627625F20F2A0068F15A /* VarkaAPP */ = {
			isa = PBXGroup;
			children = (
				E49562CB25F246A90068F15A /* Views */,
				E49562C925F245B40068F15A /* RecentProducts */,
				CE02BA0825F3AB1400788EE3 /* FirebaseTesting */,
				E495629225F20F7B0068F15A /* StoryBoard */,
				CE02B9EB25F2AC6200788EE3 /* Models */,
				CE02BA0325F3A8E600788EE3 /* Services */,
				E495629125F20F5E0068F15A /* Resources */,
				E495629025F20F510068F15A /* SupportingFiles */,
				E495628F25F20F3D0068F15A /* InfoAboutProducts */,
			);
			path = VarkaAPP;
			sourceTree = "<group>";
		};
		E495628F25F20F3D0068F15A /* InfoAboutProducts */ = {
			isa = PBXGroup;
			children = (
				E495629525F20FDF0068F15A /* InfoAboutProductViewController.swift */,
				E495629825F20FED0068F15A /* InfoAboutProductViewModel.swift */,
			);
			path = InfoAboutProducts;
			sourceTree = "<group>";
		};
		E495629025F20F510068F15A /* SupportingFiles */ = {
			isa = PBXGroup;
			children = (
				E495628025F20F2A0068F15A /* VarkaAPP.xcdatamodeld */,
				E495628825F20F2D0068F15A /* Info.plist */,
				CE02B9EF25F2B2F900788EE3 /* GoogleService-Info.plist */,
				E495627925F20F2A0068F15A /* SceneDelegate.swift */,
				E495627725F20F2A0068F15A /* AppDelegate.swift */,
			);
			path = SupportingFiles;
			sourceTree = "<group>";
		};
		E495629125F20F5E0068F15A /* Resources */ = {
			isa = PBXGroup;
			children = (
				E495628325F20F2D0068F15A /* Assets.xcassets */,
			);
			path = Resources;
			sourceTree = "<group>";
		};
		E495629225F20F7B0068F15A /* StoryBoard */ = {
			isa = PBXGroup;
			children = (
				E495627D25F20F2A0068F15A /* Main.storyboard */,
				E495628525F20F2D0068F15A /* LaunchScreen.storyboard */,
			);
			path = StoryBoard;
			sourceTree = "<group>";
		};
		E49562C925F245B40068F15A /* RecentProducts */ = {
			isa = PBXGroup;
			children = (
				E49562C625F245AF0068F15A /* RecentProductsViewController.swift */,
				E49562D825F2775E0068F15A /* RecentProductViewModel.swift */,
			);
			path = RecentProducts;
			sourceTree = "<group>";
		};
		E49562CB25F246A90068F15A /* Views */ = {
			isa = PBXGroup;
			children = (
				E49562CD25F246DE0068F15A /* CustomTabBarController.swift */,
				E49562D025F247990068F15A /* CustomTabBar.swift */,
			);
			path = Views;
			sourceTree = "<group>";
		};
/* End PBXGroup section */

/* Begin PBXNativeTarget section */
		E495627325F20F2A0068F15A /* VarkaAPP */ = {
			isa = PBXNativeTarget;
			buildConfigurationList = E495628B25F20F2D0068F15A /* Build configuration list for PBXNativeTarget "VarkaAPP" */;
			buildPhases = (
				EBDCA4FF7B0A9CCE5A244963 /* [CP] Check Pods Manifest.lock */,
				E495627025F20F2A0068F15A /* Sources */,
				E495627125F20F2A0068F15A /* Frameworks */,
				E495627225F20F2A0068F15A /* Resources */,
				DD5253A20179738CED755E98 /* [CP] Embed Pods Frameworks */,
			);
			buildRules = (
			);
			dependencies = (
			);
			name = VarkaAPP;
			productName = VarkaAPP;
			productReference = E495627425F20F2A0068F15A /* VarkaAPP.app */;
			productType = "com.apple.product-type.application";
		};
/* End PBXNativeTarget section */

/* Begin PBXProject section */
		E495626C25F20F2A0068F15A /* Project object */ = {
			isa = PBXProject;
			attributes = {
				LastSwiftUpdateCheck = 1230;
				LastUpgradeCheck = 1230;
				TargetAttributes = {
					E495627325F20F2A0068F15A = {
						CreatedOnToolsVersion = 12.3;
					};
				};
			};
			buildConfigurationList = E495626F25F20F2A0068F15A /* Build configuration list for PBXProject "VarkaAPP" */;
			compatibilityVersion = "Xcode 9.3";
			developmentRegion = en;
			hasScannedForEncodings = 0;
			knownRegions = (
				en,
				Base,
			);
			mainGroup = E495626B25F20F2A0068F15A;
			productRefGroup = E495627525F20F2A0068F15A /* Products */;
			projectDirPath = "";
			projectRoot = "";
			targets = (
				E495627325F20F2A0068F15A /* VarkaAPP */,
			);
		};
/* End PBXProject section */

/* Begin PBXResourcesBuildPhase section */
		E495627225F20F2A0068F15A /* Resources */ = {
			isa = PBXResourcesBuildPhase;
			buildActionMask = 2147483647;
			files = (
				CE02BA0C25F3AB6800788EE3 /* FirebaseTestingViewController.xib in Resources */,
				E495628725F20F2D0068F15A /* LaunchScreen.storyboard in Resources */,
				CE02B9F025F2B2F900788EE3 /* GoogleService-Info.plist in Resources */,
				E495628425F20F2D0068F15A /* Assets.xcassets in Resources */,
				E495627F25F20F2A0068F15A /* Main.storyboard in Resources */,
			);
			runOnlyForDeploymentPostprocessing = 0;
		};
/* End PBXResourcesBuildPhase section */

/* Begin PBXShellScriptBuildPhase section */
		DD5253A20179738CED755E98 /* [CP] Embed Pods Frameworks */ = {
			isa = PBXShellScriptBuildPhase;
			buildActionMask = 2147483647;
			files = (
			);
			inputFileListPaths = (
				"${PODS_ROOT}/Target Support Files/Pods-VarkaAPP/Pods-VarkaAPP-frameworks-${CONFIGURATION}-input-files.xcfilelist",
			);
			name = "[CP] Embed Pods Frameworks";
			outputFileListPaths = (
				"${PODS_ROOT}/Target Support Files/Pods-VarkaAPP/Pods-VarkaAPP-frameworks-${CONFIGURATION}-output-files.xcfilelist",
			);
			runOnlyForDeploymentPostprocessing = 0;
			shellPath = /bin/sh;
			shellScript = "\"${PODS_ROOT}/Target Support Files/Pods-VarkaAPP/Pods-VarkaAPP-frameworks.sh\"\n";
			showEnvVarsInLog = 0;
		};
		EBDCA4FF7B0A9CCE5A244963 /* [CP] Check Pods Manifest.lock */ = {
			isa = PBXShellScriptBuildPhase;
			buildActionMask = 2147483647;
			files = (
			);
			inputFileListPaths = (
			);
			inputPaths = (
				"${PODS_PODFILE_DIR_PATH}/Podfile.lock",
				"${PODS_ROOT}/Manifest.lock",
			);
			name = "[CP] Check Pods Manifest.lock";
			outputFileListPaths = (
			);
			outputPaths = (
				"$(DERIVED_FILE_DIR)/Pods-VarkaAPP-checkManifestLockResult.txt",
			);
			runOnlyForDeploymentPostprocessing = 0;
			shellPath = /bin/sh;
			shellScript = "diff \"${PODS_PODFILE_DIR_PATH}/Podfile.lock\" \"${PODS_ROOT}/Manifest.lock\" > /dev/null\nif [ $? != 0 ] ; then\n    # print error to STDERR\n    echo \"error: The sandbox is not in sync with the Podfile.lock. Run 'pod install' or update your CocoaPods installation.\" >&2\n    exit 1\nfi\n# This output is used by Xcode 'outputs' to avoid re-running this script phase.\necho \"SUCCESS\" > \"${SCRIPT_OUTPUT_FILE_0}\"\n";
			showEnvVarsInLog = 0;
		};
/* End PBXShellScriptBuildPhase section */

/* Begin PBXSourcesBuildPhase section */
		E495627025F20F2A0068F15A /* Sources */ = {
			isa = PBXSourcesBuildPhase;
			buildActionMask = 2147483647;
			files = (
				E495627825F20F2A0068F15A /* AppDelegate.swift in Sources */,
				E49562CE25F246DE0068F15A /* CustomTabBarController.swift in Sources */,
				CE02BA0625F3A94500788EE3 /* FirebaseService.swift in Sources */,
				E495627A25F20F2A0068F15A /* SceneDelegate.swift in Sources */,
				E495629625F20FDF0068F15A /* InfoAboutProductViewController.swift in Sources */,
				E49562D125F247990068F15A /* CustomTabBar.swift in Sources */,
				CE02BA0B25F3AB6800788EE3 /* FirebaseTestingViewController.swift in Sources */,
				E49562C725F245AF0068F15A /* RecentProductsViewController.swift in Sources */,
				E49562D925F2775E0068F15A /* RecentProductViewModel.swift in Sources */,
				CE02B9ED25F2ACA000788EE3 /* Product.swift in Sources */,
				E495628225F20F2A0068F15A /* VarkaAPP.xcdatamodeld in Sources */,
				E495629925F20FED0068F15A /* InfoAboutProductViewModel.swift in Sources */,
			);
			runOnlyForDeploymentPostprocessing = 0;
		};
/* End PBXSourcesBuildPhase section */

/* Begin PBXVariantGroup section */
		E495627D25F20F2A0068F15A /* Main.storyboard */ = {
			isa = PBXVariantGroup;
			children = (
				E495627E25F20F2A0068F15A /* Base */,
			);
			name = Main.storyboard;
			sourceTree = "<group>";
		};
		E495628525F20F2D0068F15A /* LaunchScreen.storyboard */ = {
			isa = PBXVariantGroup;
			children = (
				E495628625F20F2D0068F15A /* Base */,
			);
			name = LaunchScreen.storyboard;
			sourceTree = "<group>";
		};
/* End PBXVariantGroup section */

/* Begin XCBuildConfiguration section */
		E495628925F20F2D0068F15A /* Debug */ = {
			isa = XCBuildConfiguration;
			buildSettings = {
				ALWAYS_SEARCH_USER_PATHS = NO;
				CLANG_ANALYZER_NONNULL = YES;
				CLANG_ANALYZER_NUMBER_OBJECT_CONVERSION = YES_AGGRESSIVE;
				CLANG_CXX_LANGUAGE_STANDARD = "gnu++14";
				CLANG_CXX_LIBRARY = "libc++";
				CLANG_ENABLE_MODULES = YES;
				CLANG_ENABLE_OBJC_ARC = YES;
				CLANG_ENABLE_OBJC_WEAK = YES;
				CLANG_WARN_BLOCK_CAPTURE_AUTORELEASING = YES;
				CLANG_WARN_BOOL_CONVERSION = YES;
				CLANG_WARN_COMMA = YES;
				CLANG_WARN_CONSTANT_CONVERSION = YES;
				CLANG_WARN_DEPRECATED_OBJC_IMPLEMENTATIONS = YES;
				CLANG_WARN_DIRECT_OBJC_ISA_USAGE = YES_ERROR;
				CLANG_WARN_DOCUMENTATION_COMMENTS = YES;
				CLANG_WARN_EMPTY_BODY = YES;
				CLANG_WARN_ENUM_CONVERSION = YES;
				CLANG_WARN_INFINITE_RECURSION = YES;
				CLANG_WARN_INT_CONVERSION = YES;
				CLANG_WARN_NON_LITERAL_NULL_CONVERSION = YES;
				CLANG_WARN_OBJC_IMPLICIT_RETAIN_SELF = YES;
				CLANG_WARN_OBJC_LITERAL_CONVERSION = YES;
				CLANG_WARN_OBJC_ROOT_CLASS = YES_ERROR;
				CLANG_WARN_QUOTED_INCLUDE_IN_FRAMEWORK_HEADER = YES;
				CLANG_WARN_RANGE_LOOP_ANALYSIS = YES;
				CLANG_WARN_STRICT_PROTOTYPES = YES;
				CLANG_WARN_SUSPICIOUS_MOVE = YES;
				CLANG_WARN_UNGUARDED_AVAILABILITY = YES_AGGRESSIVE;
				CLANG_WARN_UNREACHABLE_CODE = YES;
				CLANG_WARN__DUPLICATE_METHOD_MATCH = YES;
				COPY_PHASE_STRIP = NO;
				DEBUG_INFORMATION_FORMAT = dwarf;
				ENABLE_STRICT_OBJC_MSGSEND = YES;
				ENABLE_TESTABILITY = YES;
				GCC_C_LANGUAGE_STANDARD = gnu11;
				GCC_DYNAMIC_NO_PIC = NO;
				GCC_NO_COMMON_BLOCKS = YES;
				GCC_OPTIMIZATION_LEVEL = 0;
				GCC_PREPROCESSOR_DEFINITIONS = (
					"DEBUG=1",
					"$(inherited)",
				);
				GCC_WARN_64_TO_32_BIT_CONVERSION = YES;
				GCC_WARN_ABOUT_RETURN_TYPE = YES_ERROR;
				GCC_WARN_UNDECLARED_SELECTOR = YES;
				GCC_WARN_UNINITIALIZED_AUTOS = YES_AGGRESSIVE;
				GCC_WARN_UNUSED_FUNCTION = YES;
				GCC_WARN_UNUSED_VARIABLE = YES;
				IPHONEOS_DEPLOYMENT_TARGET = 14.3;
				MTL_ENABLE_DEBUG_INFO = INCLUDE_SOURCE;
				MTL_FAST_MATH = YES;
				ONLY_ACTIVE_ARCH = YES;
				SDKROOT = iphoneos;
				SWIFT_ACTIVE_COMPILATION_CONDITIONS = DEBUG;
				SWIFT_OPTIMIZATION_LEVEL = "-Onone";
			};
			name = Debug;
		};
		E495628A25F20F2D0068F15A /* Release */ = {
			isa = XCBuildConfiguration;
			buildSettings = {
				ALWAYS_SEARCH_USER_PATHS = NO;
				CLANG_ANALYZER_NONNULL = YES;
				CLANG_ANALYZER_NUMBER_OBJECT_CONVERSION = YES_AGGRESSIVE;
				CLANG_CXX_LANGUAGE_STANDARD = "gnu++14";
				CLANG_CXX_LIBRARY = "libc++";
				CLANG_ENABLE_MODULES = YES;
				CLANG_ENABLE_OBJC_ARC = YES;
				CLANG_ENABLE_OBJC_WEAK = YES;
				CLANG_WARN_BLOCK_CAPTURE_AUTORELEASING = YES;
				CLANG_WARN_BOOL_CONVERSION = YES;
				CLANG_WARN_COMMA = YES;
				CLANG_WARN_CONSTANT_CONVERSION = YES;
				CLANG_WARN_DEPRECATED_OBJC_IMPLEMENTATIONS = YES;
				CLANG_WARN_DIRECT_OBJC_ISA_USAGE = YES_ERROR;
				CLANG_WARN_DOCUMENTATION_COMMENTS = YES;
				CLANG_WARN_EMPTY_BODY = YES;
				CLANG_WARN_ENUM_CONVERSION = YES;
				CLANG_WARN_INFINITE_RECURSION = YES;
				CLANG_WARN_INT_CONVERSION = YES;
				CLANG_WARN_NON_LITERAL_NULL_CONVERSION = YES;
				CLANG_WARN_OBJC_IMPLICIT_RETAIN_SELF = YES;
				CLANG_WARN_OBJC_LITERAL_CONVERSION = YES;
				CLANG_WARN_OBJC_ROOT_CLASS = YES_ERROR;
				CLANG_WARN_QUOTED_INCLUDE_IN_FRAMEWORK_HEADER = YES;
				CLANG_WARN_RANGE_LOOP_ANALYSIS = YES;
				CLANG_WARN_STRICT_PROTOTYPES = YES;
				CLANG_WARN_SUSPICIOUS_MOVE = YES;
				CLANG_WARN_UNGUARDED_AVAILABILITY = YES_AGGRESSIVE;
				CLANG_WARN_UNREACHABLE_CODE = YES;
				CLANG_WARN__DUPLICATE_METHOD_MATCH = YES;
				COPY_PHASE_STRIP = NO;
				DEBUG_INFORMATION_FORMAT = "dwarf-with-dsym";
				ENABLE_NS_ASSERTIONS = NO;
				ENABLE_STRICT_OBJC_MSGSEND = YES;
				GCC_C_LANGUAGE_STANDARD = gnu11;
				GCC_NO_COMMON_BLOCKS = YES;
				GCC_WARN_64_TO_32_BIT_CONVERSION = YES;
				GCC_WARN_ABOUT_RETURN_TYPE = YES_ERROR;
				GCC_WARN_UNDECLARED_SELECTOR = YES;
				GCC_WARN_UNINITIALIZED_AUTOS = YES_AGGRESSIVE;
				GCC_WARN_UNUSED_FUNCTION = YES;
				GCC_WARN_UNUSED_VARIABLE = YES;
				IPHONEOS_DEPLOYMENT_TARGET = 14.3;
				MTL_ENABLE_DEBUG_INFO = NO;
				MTL_FAST_MATH = YES;
				SDKROOT = iphoneos;
				SWIFT_COMPILATION_MODE = wholemodule;
				SWIFT_OPTIMIZATION_LEVEL = "-O";
				VALIDATE_PRODUCT = YES;
			};
			name = Release;
		};
		E495628C25F20F2D0068F15A /* Debug */ = {
			isa = XCBuildConfiguration;
			baseConfigurationReference = 279C6D49F0CF92B4F622ED1B /* Pods-VarkaAPP.debug.xcconfig */;
			buildSettings = {
				ASSETCATALOG_COMPILER_APPICON_NAME = AppIcon;
				ASSETCATALOG_COMPILER_GLOBAL_ACCENT_COLOR_NAME = AccentColor;
				CODE_SIGN_STYLE = Automatic;
				DEVELOPMENT_TEAM = 58287L88KM;
				INFOPLIST_FILE = VarkaAPP/SupportingFiles/Info.plist;
				LD_RUNPATH_SEARCH_PATHS = (
					"$(inherited)",
					"@executable_path/Frameworks",
				);
				PRODUCT_BUNDLE_IDENTIFIER = "Kik-OS.VarkaAPP";
				PRODUCT_NAME = "$(TARGET_NAME)";
				SWIFT_VERSION = 5.0;
				TARGETED_DEVICE_FAMILY = "1,2";
			};
			name = Debug;
		};
		E495628D25F20F2D0068F15A /* Release */ = {
			isa = XCBuildConfiguration;
			baseConfigurationReference = 3D2706771555FB2F0FF1CADB /* Pods-VarkaAPP.release.xcconfig */;
			buildSettings = {
				ASSETCATALOG_COMPILER_APPICON_NAME = AppIcon;
				ASSETCATALOG_COMPILER_GLOBAL_ACCENT_COLOR_NAME = AccentColor;
				CODE_SIGN_STYLE = Automatic;
				DEVELOPMENT_TEAM = 58287L88KM;
				INFOPLIST_FILE = VarkaAPP/SupportingFiles/Info.plist;
				LD_RUNPATH_SEARCH_PATHS = (
					"$(inherited)",
					"@executable_path/Frameworks",
				);
				PRODUCT_BUNDLE_IDENTIFIER = "Kik-OS.VarkaAPP";
				PRODUCT_NAME = "$(TARGET_NAME)";
				SWIFT_VERSION = 5.0;
				TARGETED_DEVICE_FAMILY = "1,2";
			};
			name = Release;
		};
/* End XCBuildConfiguration section */

/* Begin XCConfigurationList section */
		E495626F25F20F2A0068F15A /* Build configuration list for PBXProject "VarkaAPP" */ = {
			isa = XCConfigurationList;
			buildConfigurations = (
				E495628925F20F2D0068F15A /* Debug */,
				E495628A25F20F2D0068F15A /* Release */,
			);
			defaultConfigurationIsVisible = 0;
			defaultConfigurationName = Release;
		};
		E495628B25F20F2D0068F15A /* Build configuration list for PBXNativeTarget "VarkaAPP" */ = {
			isa = XCConfigurationList;
			buildConfigurations = (
				E495628C25F20F2D0068F15A /* Debug */,
				E495628D25F20F2D0068F15A /* Release */,
			);
			defaultConfigurationIsVisible = 0;
			defaultConfigurationName = Release;
		};
/* End XCConfigurationList section */

/* Begin XCVersionGroup section */
		E495628025F20F2A0068F15A /* VarkaAPP.xcdatamodeld */ = {
			isa = XCVersionGroup;
			children = (
				E495628125F20F2A0068F15A /* VarkaAPP.xcdatamodel */,
			);
			currentVersion = E495628125F20F2A0068F15A /* VarkaAPP.xcdatamodel */;
			path = VarkaAPP.xcdatamodeld;
			sourceTree = "<group>";
			versionGroupType = wrapper.xcdatamodel;
		};
/* End XCVersionGroup section */
	};
	rootObject = E495626C25F20F2A0068F15A /* Project object */;
}
